{
  "version": 4,
  "terraform_version": "1.9.7",
  "serial": 33,
  "lineage": "20cb2642-e666-c696-01b6-76ef3654ebf6",
  "outputs": {
    "ecr_repository_url": {
      "value": "043309363693.dkr.ecr.eu-west-2.amazonaws.com/my-ecr-repository",
      "type": "string"
    },
    "eks_cluster_endpoint": {
      "value": {
        "access_config": [
          {
            "authentication_mode": "CONFIG_MAP",
            "bootstrap_cluster_creator_admin_permissions": true
          }
        ],
        "arn": "arn:aws:eks:eu-west-2:043309363693:cluster/Newsletter-cluster",
        "bootstrap_self_managed_addons": true,
        "certificate_authority": [
          {
            "data": "LS0tLS1CRUdJTiBDRVJUSUZJQ0FURS0tLS0tCk1JSURCVENDQWUyZ0F3SUJBZ0lJQkM1U3ZCRGU1dVF3RFFZSktvWklodmNOQVFFTEJRQXdGVEVUTUJFR0ExVUUKQXhNS2EzVmlaWEp1WlhSbGN6QWVGdzB5TkRFd01ETXhPREF3TlRWYUZ3MHpOREV3TURFeE9EQTFOVFZhTUJVeApFekFSQmdOVkJBTVRDbXQxWW1WeWJtVjBaWE13Z2dFaU1BMEdDU3FHU0liM0RRRUJBUVVBQTRJQkR3QXdnZ0VLCkFvSUJBUUN3anBGb25MN0IxNjhrY2xmM2pIZjVGc1FuWXNLL3ovMmZsNE51TnlKMGlJSDltRUlMV3ZvQkNXZ04KTExFaVg3b05mNjdqRTZWeWZwaWlISTFtcTR4U2x0N1BETnBFWUlqMUJoeGcweW15WXVYd2dZbmFFQWlnamsrVQpOSUpoSjI0QytZekZUL3JhUCt3Z2U0cTg1M0N4TkJORVZidjRUV2dmNHQ3ZTVjeThjVXZUZi8xbDBYSnlYbHVmCmU2MFZEWjdCb0tSbSszZ2NLTyt0R3ZnbEl5L0VPZW9KSEZURGNDYWw3VDJWUE1zNzVJOFlmakJzVnVnTjhFL2oKVk5pZUorWlg0dFhTSFBFZGllZlB6b2lrZGJIbnMxQUJqb1NoLzk1UjQreE0yQThpeVBrVU5ZRHlzbm1XbmhzNQpFMUxCT09qeldENGpicnZiNE9mbFNQa1p3dXRsQWdNQkFBR2pXVEJYTUE0R0ExVWREd0VCL3dRRUF3SUNwREFQCkJnTlZIUk1CQWY4RUJUQURBUUgvTUIwR0ExVWREZ1FXQkJTWFdLdXVDQ1ZKRkJxeW13YW03SVJZcmJvc0ZqQVYKQmdOVkhSRUVEakFNZ2dwcmRXSmxjbTVsZEdWek1BMEdDU3FHU0liM0RRRUJDd1VBQTRJQkFRQ1BmWkorSVlvZApnTDlEQnMyWk8rNnVsWk9iWVpMYVJwMThhM2Q0QkZBU0VqRTVQVXJwb2g2RnRGQWRmNERLekd0SklNYitqenpvClRrQ0hJNTdBUndTcTF6cWZwbEI1U3pRYVBsOXJpWmcwb3htb3JkSGJ0UnRWSEptUFdUenhJS3BCTEtRbjhrYVkKMWJvei95cU5EaHNmVnByK3EwUG5IbElZaUQwQTdCNlRIb3dnOC9JSlZlTjJKWlBkMWFRbGdhK2dPdFdQbWhDQgpSV3NWZE13a1h2NVJQTXhFd3dFMXhGK0x4WVNwZEtEMHFJVFMvZUxxbU5sWWJ0T0FrZzl0L3RRaFN1UmtCZVRCCkdRVlFVV2pZZjc1MjdYOVk1alArcG5VL2F2VHB4Qk9sR3BRdjc0dXVsNjBnT3NOaWM1M1FxQ3hOM21mUHpJSloKTXFSZTg4YzluS0ZCCi0tLS0tRU5EIENFUlRJRklDQVRFLS0tLS0K"
          }
        ],
        "cluster_id": null,
        "created_at": "2024-10-03T18:01:29Z",
        "enabled_cluster_log_types": [],
        "encryption_config": [],
        "endpoint": "https://708CD4046856E119DD7FB91A6213FE9B.gr7.eu-west-2.eks.amazonaws.com",
        "id": "Newsletter-cluster",
        "identity": [
          {
            "oidc": [
              {
                "issuer": "https://oidc.eks.eu-west-2.amazonaws.com/id/708CD4046856E119DD7FB91A6213FE9B"
              }
            ]
          }
        ],
        "kubernetes_network_config": [
          {
            "ip_family": "ipv4",
            "service_ipv4_cidr": "172.20.0.0/16",
            "service_ipv6_cidr": ""
          }
        ],
        "name": "Newsletter-cluster",
        "outpost_config": [],
        "platform_version": "eks.11",
        "role_arn": "arn:aws:iam::043309363693:role/eks-cluster-role",
        "status": "ACTIVE",
        "tags": {},
        "tags_all": {},
        "timeouts": null,
        "upgrade_policy": [
          {
            "support_type": "EXTENDED"
          }
        ],
        "version": "1.30",
        "vpc_config": [
          {
            "cluster_security_group_id": "sg-0b4c7130f92ea5d97",
            "endpoint_private_access": false,
            "endpoint_public_access": true,
            "public_access_cidrs": [
              "0.0.0.0/0"
            ],
            "security_group_ids": [],
            "subnet_ids": [
              "subnet-0a454f92e07006d4a",
              "subnet-0aecee224222a16c2",
              "subnet-0d26bcac02b8d9b42"
            ],
            "vpc_id": "vpc-0aaf1d014b1a38fa1"
          }
        ]
      },
      "type": [
        "object",
        {
          "access_config": [
            "list",
            [
              "object",
              {
                "authentication_mode": "string",
                "bootstrap_cluster_creator_admin_permissions": "bool"
              }
            ]
          ],
          "arn": "string",
          "bootstrap_self_managed_addons": "bool",
          "certificate_authority": [
            "list",
            [
              "object",
              {
                "data": "string"
              }
            ]
          ],
          "cluster_id": "string",
          "created_at": "string",
          "enabled_cluster_log_types": [
            "set",
            "string"
          ],
          "encryption_config": [
            "list",
            [
              "object",
              {
                "provider": [
                  "list",
                  [
                    "object",
                    {
                      "key_arn": "string"
                    }
                  ]
                ],
                "resources": [
                  "set",
                  "string"
                ]
              }
            ]
          ],
          "endpoint": "string",
          "id": "string",
          "identity": [
            "list",
            [
              "object",
              {
                "oidc": [
                  "list",
                  [
                    "object",
                    {
                      "issuer": "string"
                    }
                  ]
                ]
              }
            ]
          ],
          "kubernetes_network_config": [
            "list",
            [
              "object",
              {
                "ip_family": "string",
                "service_ipv4_cidr": "string",
                "service_ipv6_cidr": "string"
              }
            ]
          ],
          "name": "string",
          "outpost_config": [
            "list",
            [
              "object",
              {
                "control_plane_instance_type": "string",
                "control_plane_placement": [
                  "list",
                  [
                    "object",
                    {
                      "group_name": "string"
                    }
                  ]
                ],
                "outpost_arns": [
                  "set",
                  "string"
                ]
              }
            ]
          ],
          "platform_version": "string",
          "role_arn": "string",
          "status": "string",
          "tags": [
            "map",
            "string"
          ],
          "tags_all": [
            "map",
            "string"
          ],
          "timeouts": [
            "object",
            {
              "create": "string",
              "delete": "string",
              "update": "string"
            }
          ],
          "upgrade_policy": [
            "list",
            [
              "object",
              {
                "support_type": "string"
              }
            ]
          ],
          "version": "string",
          "vpc_config": [
            "list",
            [
              "object",
              {
                "cluster_security_group_id": "string",
                "endpoint_private_access": "bool",
                "endpoint_public_access": "bool",
                "public_access_cidrs": [
                  "set",
                  "string"
                ],
                "security_group_ids": [
                  "set",
                  "string"
                ],
                "subnet_ids": [
                  "set",
                  "string"
                ],
                "vpc_id": "string"
              }
            ]
          ]
        }
      ]
    },
    "eks_cluster_security_group_ids": {
      "value": {
        "access_config": [
          {
            "authentication_mode": "CONFIG_MAP",
            "bootstrap_cluster_creator_admin_permissions": true
          }
        ],
        "arn": "arn:aws:eks:eu-west-2:043309363693:cluster/Newsletter-cluster",
        "bootstrap_self_managed_addons": true,
        "certificate_authority": [
          {
            "data": "LS0tLS1CRUdJTiBDRVJUSUZJQ0FURS0tLS0tCk1JSURCVENDQWUyZ0F3SUJBZ0lJQkM1U3ZCRGU1dVF3RFFZSktvWklodmNOQVFFTEJRQXdGVEVUTUJFR0ExVUUKQXhNS2EzVmlaWEp1WlhSbGN6QWVGdzB5TkRFd01ETXhPREF3TlRWYUZ3MHpOREV3TURFeE9EQTFOVFZhTUJVeApFekFSQmdOVkJBTVRDbXQxWW1WeWJtVjBaWE13Z2dFaU1BMEdDU3FHU0liM0RRRUJBUVVBQTRJQkR3QXdnZ0VLCkFvSUJBUUN3anBGb25MN0IxNjhrY2xmM2pIZjVGc1FuWXNLL3ovMmZsNE51TnlKMGlJSDltRUlMV3ZvQkNXZ04KTExFaVg3b05mNjdqRTZWeWZwaWlISTFtcTR4U2x0N1BETnBFWUlqMUJoeGcweW15WXVYd2dZbmFFQWlnamsrVQpOSUpoSjI0QytZekZUL3JhUCt3Z2U0cTg1M0N4TkJORVZidjRUV2dmNHQ3ZTVjeThjVXZUZi8xbDBYSnlYbHVmCmU2MFZEWjdCb0tSbSszZ2NLTyt0R3ZnbEl5L0VPZW9KSEZURGNDYWw3VDJWUE1zNzVJOFlmakJzVnVnTjhFL2oKVk5pZUorWlg0dFhTSFBFZGllZlB6b2lrZGJIbnMxQUJqb1NoLzk1UjQreE0yQThpeVBrVU5ZRHlzbm1XbmhzNQpFMUxCT09qeldENGpicnZiNE9mbFNQa1p3dXRsQWdNQkFBR2pXVEJYTUE0R0ExVWREd0VCL3dRRUF3SUNwREFQCkJnTlZIUk1CQWY4RUJUQURBUUgvTUIwR0ExVWREZ1FXQkJTWFdLdXVDQ1ZKRkJxeW13YW03SVJZcmJvc0ZqQVYKQmdOVkhSRUVEakFNZ2dwcmRXSmxjbTVsZEdWek1BMEdDU3FHU0liM0RRRUJDd1VBQTRJQkFRQ1BmWkorSVlvZApnTDlEQnMyWk8rNnVsWk9iWVpMYVJwMThhM2Q0QkZBU0VqRTVQVXJwb2g2RnRGQWRmNERLekd0SklNYitqenpvClRrQ0hJNTdBUndTcTF6cWZwbEI1U3pRYVBsOXJpWmcwb3htb3JkSGJ0UnRWSEptUFdUenhJS3BCTEtRbjhrYVkKMWJvei95cU5EaHNmVnByK3EwUG5IbElZaUQwQTdCNlRIb3dnOC9JSlZlTjJKWlBkMWFRbGdhK2dPdFdQbWhDQgpSV3NWZE13a1h2NVJQTXhFd3dFMXhGK0x4WVNwZEtEMHFJVFMvZUxxbU5sWWJ0T0FrZzl0L3RRaFN1UmtCZVRCCkdRVlFVV2pZZjc1MjdYOVk1alArcG5VL2F2VHB4Qk9sR3BRdjc0dXVsNjBnT3NOaWM1M1FxQ3hOM21mUHpJSloKTXFSZTg4YzluS0ZCCi0tLS0tRU5EIENFUlRJRklDQVRFLS0tLS0K"
          }
        ],
        "cluster_id": null,
        "created_at": "2024-10-03T18:01:29Z",
        "enabled_cluster_log_types": [],
        "encryption_config": [],
        "endpoint": "https://708CD4046856E119DD7FB91A6213FE9B.gr7.eu-west-2.eks.amazonaws.com",
        "id": "Newsletter-cluster",
        "identity": [
          {
            "oidc": [
              {
                "issuer": "https://oidc.eks.eu-west-2.amazonaws.com/id/708CD4046856E119DD7FB91A6213FE9B"
              }
            ]
          }
        ],
        "kubernetes_network_config": [
          {
            "ip_family": "ipv4",
            "service_ipv4_cidr": "172.20.0.0/16",
            "service_ipv6_cidr": ""
          }
        ],
        "name": "Newsletter-cluster",
        "outpost_config": [],
        "platform_version": "eks.11",
        "role_arn": "arn:aws:iam::043309363693:role/eks-cluster-role",
        "status": "ACTIVE",
        "tags": {},
        "tags_all": {},
        "timeouts": null,
        "upgrade_policy": [
          {
            "support_type": "EXTENDED"
          }
        ],
        "version": "1.30",
        "vpc_config": [
          {
            "cluster_security_group_id": "sg-0b4c7130f92ea5d97",
            "endpoint_private_access": false,
            "endpoint_public_access": true,
            "public_access_cidrs": [
              "0.0.0.0/0"
            ],
            "security_group_ids": [],
            "subnet_ids": [
              "subnet-0a454f92e07006d4a",
              "subnet-0aecee224222a16c2",
              "subnet-0d26bcac02b8d9b42"
            ],
            "vpc_id": "vpc-0aaf1d014b1a38fa1"
          }
        ]
      },
      "type": [
        "object",
        {
          "access_config": [
            "list",
            [
              "object",
              {
                "authentication_mode": "string",
                "bootstrap_cluster_creator_admin_permissions": "bool"
              }
            ]
          ],
          "arn": "string",
          "bootstrap_self_managed_addons": "bool",
          "certificate_authority": [
            "list",
            [
              "object",
              {
                "data": "string"
              }
            ]
          ],
          "cluster_id": "string",
          "created_at": "string",
          "enabled_cluster_log_types": [
            "set",
            "string"
          ],
          "encryption_config": [
            "list",
            [
              "object",
              {
                "provider": [
                  "list",
                  [
                    "object",
                    {
                      "key_arn": "string"
                    }
                  ]
                ],
                "resources": [
                  "set",
                  "string"
                ]
              }
            ]
          ],
          "endpoint": "string",
          "id": "string",
          "identity": [
            "list",
            [
              "object",
              {
                "oidc": [
                  "list",
                  [
                    "object",
                    {
                      "issuer": "string"
                    }
                  ]
                ]
              }
            ]
          ],
          "kubernetes_network_config": [
            "list",
            [
              "object",
              {
                "ip_family": "string",
                "service_ipv4_cidr": "string",
                "service_ipv6_cidr": "string"
              }
            ]
          ],
          "name": "string",
          "outpost_config": [
            "list",
            [
              "object",
              {
                "control_plane_instance_type": "string",
                "control_plane_placement": [
                  "list",
                  [
                    "object",
                    {
                      "group_name": "string"
                    }
                  ]
                ],
                "outpost_arns": [
                  "set",
                  "string"
                ]
              }
            ]
          ],
          "platform_version": "string",
          "role_arn": "string",
          "status": "string",
          "tags": [
            "map",
            "string"
          ],
          "tags_all": [
            "map",
            "string"
          ],
          "timeouts": [
            "object",
            {
              "create": "string",
              "delete": "string",
              "update": "string"
            }
          ],
          "upgrade_policy": [
            "list",
            [
              "object",
              {
                "support_type": "string"
              }
            ]
          ],
          "version": "string",
          "vpc_config": [
            "list",
            [
              "object",
              {
                "cluster_security_group_id": "string",
                "endpoint_private_access": "bool",
                "endpoint_public_access": "bool",
                "public_access_cidrs": [
                  "set",
                  "string"
                ],
                "security_group_ids": [
                  "set",
                  "string"
                ],
                "subnet_ids": [
                  "set",
                  "string"
                ],
                "vpc_id": "string"
              }
            ]
          ]
        }
      ]
    },
    "vpc_id": {
      "value": {
        "azs": [
          "eu-west-2a",
          "eu-west-2b"
        ],
        "cgw_arns": [],
        "cgw_ids": [],
        "database_internet_gateway_route_id": "",
        "database_ipv6_egress_route_id": "",
        "database_nat_gateway_route_ids": [],
        "database_network_acl_arn": "",
        "database_network_acl_id": "",
        "database_route_table_association_ids": [],
        "database_route_table_ids": [
          "rtb-041965098b03c0e5c",
          "rtb-028e54734bc029f1a"
        ],
        "database_subnet_arns": [],
        "database_subnet_group": "",
        "database_subnet_group_name": "",
        "database_subnets": [],
        "database_subnets_cidr_blocks": [],
        "database_subnets_ipv6_cidr_blocks": [],
        "default_network_acl_id": "acl-08a9af26c41538d57",
        "default_route_table_id": "rtb-0ae7222f931daa046",
        "default_security_group_id": "sg-0a230b139af1b1dd9",
        "default_vpc_arn": "",
        "default_vpc_cidr_block": "",
        "default_vpc_default_network_acl_id": "",
        "default_vpc_default_route_table_id": "",
        "default_vpc_default_security_group_id": "",
        "default_vpc_enable_dns_hostnames": "",
        "default_vpc_enable_dns_support": "",
        "default_vpc_id": "",
        "default_vpc_instance_tenancy": "",
        "default_vpc_main_route_table_id": "",
        "dhcp_options_id": "",
        "egress_only_internet_gateway_id": "",
        "elasticache_network_acl_arn": "",
        "elasticache_network_acl_id": "",
        "elasticache_route_table_association_ids": [],
        "elasticache_route_table_ids": [
          "rtb-041965098b03c0e5c",
          "rtb-028e54734bc029f1a"
        ],
        "elasticache_subnet_arns": [],
        "elasticache_subnet_group": "",
        "elasticache_subnet_group_name": "",
        "elasticache_subnets": [],
        "elasticache_subnets_cidr_blocks": [],
        "elasticache_subnets_ipv6_cidr_blocks": [],
        "igw_arn": "arn:aws:ec2:eu-west-2:043309363693:internet-gateway/igw-0c0a577ce898a5b1a",
        "igw_id": "igw-0c0a577ce898a5b1a",
        "intra_network_acl_arn": "",
        "intra_network_acl_id": "",
        "intra_route_table_association_ids": [],
        "intra_route_table_ids": [],
        "intra_subnet_arns": [],
        "intra_subnets": [],
        "intra_subnets_cidr_blocks": [],
        "intra_subnets_ipv6_cidr_blocks": [],
        "name": "my_vpc",
        "nat_ids": [],
        "nat_public_ips": [],
        "natgw_ids": [],
        "outpost_network_acl_arn": "",
        "outpost_network_acl_id": "",
        "outpost_subnet_arns": [],
        "outpost_subnets": [],
        "outpost_subnets_cidr_blocks": [],
        "outpost_subnets_ipv6_cidr_blocks": [],
        "private_ipv6_egress_route_ids": [],
        "private_nat_gateway_route_ids": [],
        "private_network_acl_arn": "",
        "private_network_acl_id": "",
        "private_route_table_association_ids": [
          "rtbassoc-09d8cabd3a807c154",
          "rtbassoc-0cddd1fe635291435"
        ],
        "private_route_table_ids": [
          "rtb-041965098b03c0e5c",
          "rtb-028e54734bc029f1a"
        ],
        "private_subnet_arns": [
          "arn:aws:ec2:eu-west-2:043309363693:subnet/subnet-0bd47f49413aca9c7",
          "arn:aws:ec2:eu-west-2:043309363693:subnet/subnet-0a69e6505055d7c7d"
        ],
        "private_subnets": [
          "subnet-0bd47f49413aca9c7",
          "subnet-0a69e6505055d7c7d"
        ],
        "private_subnets_cidr_blocks": [
          "10.0.1.0/24",
          "10.0.2.0/24"
        ],
        "private_subnets_ipv6_cidr_blocks": [
          "",
          ""
        ],
        "public_internet_gateway_ipv6_route_id": "",
        "public_internet_gateway_route_id": "r-rtb-052e661a9a1e32f481080289494",
        "public_network_acl_arn": "",
        "public_network_acl_id": "",
        "public_route_table_association_ids": [
          "rtbassoc-02946d7df34dfd8ea",
          "rtbassoc-0b79985662bfefe55"
        ],
        "public_route_table_ids": [
          "rtb-052e661a9a1e32f48"
        ],
        "public_subnet_arns": [
          "arn:aws:ec2:eu-west-2:043309363693:subnet/subnet-049959c8d524c4fac",
          "arn:aws:ec2:eu-west-2:043309363693:subnet/subnet-0a65f8cdedb7a3191"
        ],
        "public_subnets": [
          "subnet-049959c8d524c4fac",
          "subnet-0a65f8cdedb7a3191"
        ],
        "public_subnets_cidr_blocks": [
          "10.0.3.0/24",
          "10.0.4.0/24"
        ],
        "public_subnets_ipv6_cidr_blocks": [
          "",
          ""
        ],
        "redshift_network_acl_arn": "",
        "redshift_network_acl_id": "",
        "redshift_public_route_table_association_ids": [],
        "redshift_route_table_association_ids": [],
        "redshift_route_table_ids": [
          "rtb-041965098b03c0e5c",
          "rtb-028e54734bc029f1a"
        ],
        "redshift_subnet_arns": [],
        "redshift_subnet_group": "",
        "redshift_subnets": [],
        "redshift_subnets_cidr_blocks": [],
        "redshift_subnets_ipv6_cidr_blocks": [],
        "this_customer_gateway": {},
        "vgw_arn": "",
        "vgw_id": "",
        "vpc_arn": "arn:aws:ec2:eu-west-2:043309363693:vpc/vpc-0abe365d2bbaec33e",
        "vpc_cidr_block": "10.0.0.0/16",
        "vpc_enable_dns_hostnames": false,
        "vpc_enable_dns_support": true,
        "vpc_flow_log_cloudwatch_iam_role_arn": "",
        "vpc_flow_log_destination_arn": "",
        "vpc_flow_log_destination_type": "cloud-watch-logs",
        "vpc_flow_log_id": "",
        "vpc_id": "vpc-0abe365d2bbaec33e",
        "vpc_instance_tenancy": "default",
        "vpc_ipv6_association_id": "",
        "vpc_ipv6_cidr_block": "",
        "vpc_main_route_table_id": "rtb-0ae7222f931daa046",
        "vpc_owner_id": "043309363693",
        "vpc_secondary_cidr_blocks": []
      },
      "type": [
        "object",
        {
          "azs": [
            "list",
            "string"
          ],
          "cgw_arns": [
            "tuple",
            []
          ],
          "cgw_ids": [
            "tuple",
            []
          ],
          "database_internet_gateway_route_id": "string",
          "database_ipv6_egress_route_id": "string",
          "database_nat_gateway_route_ids": [
            "tuple",
            []
          ],
          "database_network_acl_arn": "string",
          "database_network_acl_id": "string",
          "database_route_table_association_ids": [
            "tuple",
            []
          ],
          "database_route_table_ids": [
            "tuple",
            [
              "string",
              "string"
            ]
          ],
          "database_subnet_arns": [
            "tuple",
            []
          ],
          "database_subnet_group": "string",
          "database_subnet_group_name": "string",
          "database_subnets": [
            "tuple",
            []
          ],
          "database_subnets_cidr_blocks": [
            "tuple",
            []
          ],
          "database_subnets_ipv6_cidr_blocks": [
            "tuple",
            []
          ],
          "default_network_acl_id": "string",
          "default_route_table_id": "string",
          "default_security_group_id": "string",
          "default_vpc_arn": "string",
          "default_vpc_cidr_block": "string",
          "default_vpc_default_network_acl_id": "string",
          "default_vpc_default_route_table_id": "string",
          "default_vpc_default_security_group_id": "string",
          "default_vpc_enable_dns_hostnames": "string",
          "default_vpc_enable_dns_support": "string",
          "default_vpc_id": "string",
          "default_vpc_instance_tenancy": "string",
          "default_vpc_main_route_table_id": "string",
          "dhcp_options_id": "string",
          "egress_only_internet_gateway_id": "string",
          "elasticache_network_acl_arn": "string",
          "elasticache_network_acl_id": "string",
          "elasticache_route_table_association_ids": [
            "tuple",
            []
          ],
          "elasticache_route_table_ids": [
            "tuple",
            [
              "string",
              "string"
            ]
          ],
          "elasticache_subnet_arns": [
            "tuple",
            []
          ],
          "elasticache_subnet_group": "string",
          "elasticache_subnet_group_name": "string",
          "elasticache_subnets": [
            "tuple",
            []
          ],
          "elasticache_subnets_cidr_blocks": [
            "tuple",
            []
          ],
          "elasticache_subnets_ipv6_cidr_blocks": [
            "tuple",
            []
          ],
          "igw_arn": "string",
          "igw_id": "string",
          "intra_network_acl_arn": "string",
          "intra_network_acl_id": "string",
          "intra_route_table_association_ids": [
            "tuple",
            []
          ],
          "intra_route_table_ids": [
            "tuple",
            []
          ],
          "intra_subnet_arns": [
            "tuple",
            []
          ],
          "intra_subnets": [
            "tuple",
            []
          ],
          "intra_subnets_cidr_blocks": [
            "tuple",
            []
          ],
          "intra_subnets_ipv6_cidr_blocks": [
            "tuple",
            []
          ],
          "name": "string",
          "nat_ids": [
            "tuple",
            []
          ],
          "nat_public_ips": [
            "list",
            "string"
          ],
          "natgw_ids": [
            "tuple",
            []
          ],
          "outpost_network_acl_arn": "string",
          "outpost_network_acl_id": "string",
          "outpost_subnet_arns": [
            "tuple",
            []
          ],
          "outpost_subnets": [
            "tuple",
            []
          ],
          "outpost_subnets_cidr_blocks": [
            "tuple",
            []
          ],
          "outpost_subnets_ipv6_cidr_blocks": [
            "tuple",
            []
          ],
          "private_ipv6_egress_route_ids": [
            "tuple",
            []
          ],
          "private_nat_gateway_route_ids": [
            "tuple",
            []
          ],
          "private_network_acl_arn": "string",
          "private_network_acl_id": "string",
          "private_route_table_association_ids": [
            "tuple",
            [
              "string",
              "string"
            ]
          ],
          "private_route_table_ids": [
            "tuple",
            [
              "string",
              "string"
            ]
          ],
          "private_subnet_arns": [
            "tuple",
            [
              "string",
              "string"
            ]
          ],
          "private_subnets": [
            "tuple",
            [
              "string",
              "string"
            ]
          ],
          "private_subnets_cidr_blocks": [
            "tuple",
            [
              "string",
              "string"
            ]
          ],
          "private_subnets_ipv6_cidr_blocks": [
            "tuple",
            [
              "string",
              "string"
            ]
          ],
          "public_internet_gateway_ipv6_route_id": "string",
          "public_internet_gateway_route_id": "string",
          "public_network_acl_arn": "string",
          "public_network_acl_id": "string",
          "public_route_table_association_ids": [
            "tuple",
            [
              "string",
              "string"
            ]
          ],
          "public_route_table_ids": [
            "tuple",
            [
              "string"
            ]
          ],
          "public_subnet_arns": [
            "tuple",
            [
              "string",
              "string"
            ]
          ],
          "public_subnets": [
            "tuple",
            [
              "string",
              "string"
            ]
          ],
          "public_subnets_cidr_blocks": [
            "tuple",
            [
              "string",
              "string"
            ]
          ],
          "public_subnets_ipv6_cidr_blocks": [
            "tuple",
            [
              "string",
              "string"
            ]
          ],
          "redshift_network_acl_arn": "string",
          "redshift_network_acl_id": "string",
          "redshift_public_route_table_association_ids": [
            "tuple",
            []
          ],
          "redshift_route_table_association_ids": [
            "tuple",
            []
          ],
          "redshift_route_table_ids": [
            "list",
            "string"
          ],
          "redshift_subnet_arns": [
            "tuple",
            []
          ],
          "redshift_subnet_group": "string",
          "redshift_subnets": [
            "tuple",
            []
          ],
          "redshift_subnets_cidr_blocks": [
            "tuple",
            []
          ],
          "redshift_subnets_ipv6_cidr_blocks": [
            "tuple",
            []
          ],
          "this_customer_gateway": [
            "object",
            {}
          ],
          "vgw_arn": "string",
          "vgw_id": "string",
          "vpc_arn": "string",
          "vpc_cidr_block": "string",
          "vpc_enable_dns_hostnames": "bool",
          "vpc_enable_dns_support": "bool",
          "vpc_flow_log_cloudwatch_iam_role_arn": "string",
          "vpc_flow_log_destination_arn": "string",
          "vpc_flow_log_destination_type": "string",
          "vpc_flow_log_id": "string",
          "vpc_id": "string",
          "vpc_instance_tenancy": "string",
          "vpc_ipv6_association_id": "string",
          "vpc_ipv6_cidr_block": "string",
          "vpc_main_route_table_id": "string",
          "vpc_owner_id": "string",
          "vpc_secondary_cidr_blocks": [
            "tuple",
            []
          ]
        }
      ]
    }
  },
  "resources": [
    {
      "mode": "data",
      "type": "aws_availability_zones",
      "name": "available",
      "provider": "provider[\"registry.terraform.io/hashicorp/aws\"]",
      "instances": [
        {
          "schema_version": 0,
          "attributes": {
            "all_availability_zones": null,
            "exclude_names": null,
            "exclude_zone_ids": null,
            "filter": null,
            "group_names": [
              "eu-west-2"
            ],
            "id": "eu-west-2",
            "names": [
              "eu-west-2a",
              "eu-west-2b",
              "eu-west-2c"
            ],
            "state": "available",
            "timeouts": null,
            "zone_ids": [
              "euw2-az2",
              "euw2-az3",
              "euw2-az1"
            ]
          },
          "sensitive_attributes": []
        }
      ]
    },
    {
      "mode": "managed",
      "type": "aws_ecr_repository",
      "name": "my_ecr_repository",
      "provider": "provider[\"registry.terraform.io/hashicorp/aws\"]",
      "instances": [
        {
          "schema_version": 0,
          "attributes": {
            "arn": "arn:aws:ecr:eu-west-2:043309363693:repository/my-ecr-repository",
            "encryption_configuration": [
              {
                "encryption_type": "AES256",
                "kms_key": ""
              }
            ],
            "force_delete": null,
            "id": "my-ecr-repository",
            "image_scanning_configuration": [
              {
                "scan_on_push": false
              }
            ],
            "image_tag_mutability": "IMMUTABLE",
            "name": "my-ecr-repository",
            "registry_id": "043309363693",
            "repository_url": "043309363693.dkr.ecr.eu-west-2.amazonaws.com/my-ecr-repository",
            "tags": {},
            "tags_all": {},
            "timeouts": null
          },
          "sensitive_attributes": [],
          "private": "eyJlMmJmYjczMC1lY2FhLTExZTYtOGY4OC0zNDM2M2JjN2M0YzAiOnsiZGVsZXRlIjoxMjAwMDAwMDAwMDAwfX0="
        }
      ]
    },
    {
      "mode": "managed",
      "type": "aws_eks_cluster",
      "name": "n-cluster",
      "provider": "provider[\"registry.terraform.io/hashicorp/aws\"]",
      "instances": [
        {
          "schema_version": 1,
          "attributes": {
            "access_config": [
              {
                "authentication_mode": "CONFIG_MAP",
                "bootstrap_cluster_creator_admin_permissions": true
              }
            ],
            "arn": "arn:aws:eks:eu-west-2:043309363693:cluster/Newsletter-cluster",
            "bootstrap_self_managed_addons": true,
            "certificate_authority": [
              {
                "data": "LS0tLS1CRUdJTiBDRVJUSUZJQ0FURS0tLS0tCk1JSURCVENDQWUyZ0F3SUJBZ0lJQkM1U3ZCRGU1dVF3RFFZSktvWklodmNOQVFFTEJRQXdGVEVUTUJFR0ExVUUKQXhNS2EzVmlaWEp1WlhSbGN6QWVGdzB5TkRFd01ETXhPREF3TlRWYUZ3MHpOREV3TURFeE9EQTFOVFZhTUJVeApFekFSQmdOVkJBTVRDbXQxWW1WeWJtVjBaWE13Z2dFaU1BMEdDU3FHU0liM0RRRUJBUVVBQTRJQkR3QXdnZ0VLCkFvSUJBUUN3anBGb25MN0IxNjhrY2xmM2pIZjVGc1FuWXNLL3ovMmZsNE51TnlKMGlJSDltRUlMV3ZvQkNXZ04KTExFaVg3b05mNjdqRTZWeWZwaWlISTFtcTR4U2x0N1BETnBFWUlqMUJoeGcweW15WXVYd2dZbmFFQWlnamsrVQpOSUpoSjI0QytZekZUL3JhUCt3Z2U0cTg1M0N4TkJORVZidjRUV2dmNHQ3ZTVjeThjVXZUZi8xbDBYSnlYbHVmCmU2MFZEWjdCb0tSbSszZ2NLTyt0R3ZnbEl5L0VPZW9KSEZURGNDYWw3VDJWUE1zNzVJOFlmakJzVnVnTjhFL2oKVk5pZUorWlg0dFhTSFBFZGllZlB6b2lrZGJIbnMxQUJqb1NoLzk1UjQreE0yQThpeVBrVU5ZRHlzbm1XbmhzNQpFMUxCT09qeldENGpicnZiNE9mbFNQa1p3dXRsQWdNQkFBR2pXVEJYTUE0R0ExVWREd0VCL3dRRUF3SUNwREFQCkJnTlZIUk1CQWY4RUJUQURBUUgvTUIwR0ExVWREZ1FXQkJTWFdLdXVDQ1ZKRkJxeW13YW03SVJZcmJvc0ZqQVYKQmdOVkhSRUVEakFNZ2dwcmRXSmxjbTVsZEdWek1BMEdDU3FHU0liM0RRRUJDd1VBQTRJQkFRQ1BmWkorSVlvZApnTDlEQnMyWk8rNnVsWk9iWVpMYVJwMThhM2Q0QkZBU0VqRTVQVXJwb2g2RnRGQWRmNERLekd0SklNYitqenpvClRrQ0hJNTdBUndTcTF6cWZwbEI1U3pRYVBsOXJpWmcwb3htb3JkSGJ0UnRWSEptUFdUenhJS3BCTEtRbjhrYVkKMWJvei95cU5EaHNmVnByK3EwUG5IbElZaUQwQTdCNlRIb3dnOC9JSlZlTjJKWlBkMWFRbGdhK2dPdFdQbWhDQgpSV3NWZE13a1h2NVJQTXhFd3dFMXhGK0x4WVNwZEtEMHFJVFMvZUxxbU5sWWJ0T0FrZzl0L3RRaFN1UmtCZVRCCkdRVlFVV2pZZjc1MjdYOVk1alArcG5VL2F2VHB4Qk9sR3BRdjc0dXVsNjBnT3NOaWM1M1FxQ3hOM21mUHpJSloKTXFSZTg4YzluS0ZCCi0tLS0tRU5EIENFUlRJRklDQVRFLS0tLS0K"
              }
            ],
            "cluster_id": null,
            "created_at": "2024-10-03T18:01:29Z",
            "enabled_cluster_log_types": [],
            "encryption_config": [],
            "endpoint": "https://708CD4046856E119DD7FB91A6213FE9B.gr7.eu-west-2.eks.amazonaws.com",
            "id": "Newsletter-cluster",
            "identity": [
              {
                "oidc": [
                  {
                    "issuer": "https://oidc.eks.eu-west-2.amazonaws.com/id/708CD4046856E119DD7FB91A6213FE9B"
                  }
                ]
              }
            ],
            "kubernetes_network_config": [
              {
                "ip_family": "ipv4",
                "service_ipv4_cidr": "172.20.0.0/16",
                "service_ipv6_cidr": ""
              }
            ],
            "name": "Newsletter-cluster",
            "outpost_config": [],
            "platform_version": "eks.11",
            "role_arn": "arn:aws:iam::043309363693:role/eks-cluster-role",
            "status": "ACTIVE",
            "tags": {},
            "tags_all": {},
            "timeouts": null,
            "upgrade_policy": [
              {
                "support_type": "EXTENDED"
              }
            ],
            "version": "1.30",
            "vpc_config": [
              {
                "cluster_security_group_id": "sg-0b4c7130f92ea5d97",
                "endpoint_private_access": false,
                "endpoint_public_access": true,
                "public_access_cidrs": [
                  "0.0.0.0/0"
                ],
                "security_group_ids": [],
                "subnet_ids": [
                  "subnet-0a454f92e07006d4a",
                  "subnet-0aecee224222a16c2",
                  "subnet-0d26bcac02b8d9b42"
                ],
                "vpc_id": "vpc-0aaf1d014b1a38fa1"
              }
            ]
          },
          "sensitive_attributes": [],
          "private": "eyJlMmJmYjczMC1lY2FhLTExZTYtOGY4OC0zNDM2M2JjN2M0YzAiOnsiY3JlYXRlIjoxODAwMDAwMDAwMDAwLCJkZWxldGUiOjkwMDAwMDAwMDAwMCwidXBkYXRlIjozNjAwMDAwMDAwMDAwfSwic2NoZW1hX3ZlcnNpb24iOiIxIn0=",
          "dependencies": [
            "aws_iam_role.eks_cluster",
            "aws_subnet.public_subnets",
            "aws_vpc.vpc1",
            "data.aws_availability_zones.available",
            "module.vpc.aws_subnet.public",
            "module.vpc.aws_vpc.this",
            "module.vpc.aws_vpc_ipv4_cidr_block_association.this"
          ]
        }
      ]
    },
    {
      "mode": "managed",
      "type": "aws_iam_role",
      "name": "NodeGroupRole",
      "provider": "provider[\"registry.terraform.io/hashicorp/aws\"]",
      "instances": [
        {
          "schema_version": 0,
          "attributes": {
            "arn": "arn:aws:iam::043309363693:role/EKSNodeGroupRole",
            "assume_role_policy": "{\"Statement\":[{\"Action\":\"sts:AssumeRole\",\"Effect\":\"Allow\",\"Principal\":{\"Service\":\"ec2.amazonaws.com\"}}],\"Version\":\"2012-10-17\"}",
            "create_date": "2024-10-03T19:06:10Z",
            "description": "",
            "force_detach_policies": false,
            "id": "EKSNodeGroupRole",
            "inline_policy": [],
            "managed_policy_arns": [],
            "max_session_duration": 3600,
            "name": "EKSNodeGroupRole",
            "name_prefix": "",
            "path": "/",
            "permissions_boundary": "",
            "tags": {},
            "tags_all": {},
            "unique_id": "AROAQUFLQOHWQM222NWRH"
          },
          "sensitive_attributes": [],
          "private": "bnVsbA=="
        }
      ]
    },
    {
      "mode": "managed",
      "type": "aws_iam_role",
      "name": "eks_cluster",
      "provider": "provider[\"registry.terraform.io/hashicorp/aws\"]",
      "instances": [
        {
          "schema_version": 0,
          "attributes": {
            "arn": "arn:aws:iam::043309363693:role/eks-cluster-role",
            "assume_role_policy": "{\"Statement\":[{\"Action\":\"sts:AssumeRole\",\"Effect\":\"Allow\",\"Principal\":{\"Service\":\"eks.amazonaws.com\"}}],\"Version\":\"2012-10-17\"}",
            "create_date": "2024-10-03T18:01:15Z",
            "description": "",
            "force_detach_policies": false,
            "id": "eks-cluster-role",
            "inline_policy": [],
            "managed_policy_arns": [],
            "max_session_duration": 3600,
            "name": "eks-cluster-role",
            "name_prefix": "",
            "path": "/",
            "permissions_boundary": "",
            "tags": {},
            "tags_all": {},
            "unique_id": "AROAQUFLQOHW4U4NP5JMF"
          },
          "sensitive_attributes": [],
          "private": "bnVsbA=="
        }
      ]
    },
    {
      "mode": "managed",
      "type": "aws_iam_user",
      "name": "admin-user",
      "provider": "provider[\"registry.terraform.io/hashicorp/aws\"]",
      "instances": [
        {
          "schema_version": 0,
          "attributes": {
            "arn": "arn:aws:iam::043309363693:user/mango1",
            "force_destroy": false,
            "id": "mango1",
            "name": "mango1",
            "path": "/",
            "permissions_boundary": "",
            "tags": {},
            "tags_all": {},
            "unique_id": "AIDAQUFLQOHW7OYJCTSZP"
          },
          "sensitive_attributes": [],
          "private": "bnVsbA=="
        }
      ]
    },
    {
      "mode": "managed",
      "type": "aws_iam_user_policy_attachment",
      "name": "eks_cluster_policy",
      "provider": "provider[\"registry.terraform.io/hashicorp/aws\"]",
      "instances": [
        {
          "schema_version": 0,
          "attributes": {
            "id": "mango1-20241003180115889600000001",
            "policy_arn": "arn:aws:iam::aws:policy/AmazonEKSClusterPolicy",
            "user": "mango1"
          },
          "sensitive_attributes": [],
          "private": "bnVsbA==",
          "dependencies": [
            "aws_iam_user.admin-user"
          ]
        }
      ]
    },
    {
      "mode": "managed",
      "type": "aws_subnet",
      "name": "public_subnets",
      "provider": "provider[\"registry.terraform.io/hashicorp/aws\"]",
      "instances": [
        {
          "index_key": 0,
          "schema_version": 1,
          "attributes": {
            "arn": "arn:aws:ec2:eu-west-2:043309363693:subnet/subnet-0d26bcac02b8d9b42",
            "assign_ipv6_address_on_creation": false,
            "availability_zone": "eu-west-2a",
            "availability_zone_id": "euw2-az2",
            "cidr_block": "10.0.1.0/24",
            "customer_owned_ipv4_pool": "",
            "enable_dns64": false,
            "enable_lni_at_device_index": 0,
            "enable_resource_name_dns_a_record_on_launch": false,
            "enable_resource_name_dns_aaaa_record_on_launch": false,
            "id": "subnet-0d26bcac02b8d9b42",
            "ipv6_cidr_block": "",
            "ipv6_cidr_block_association_id": "",
            "ipv6_native": false,
            "map_customer_owned_ip_on_launch": false,
            "map_public_ip_on_launch": false,
            "outpost_arn": "",
            "owner_id": "043309363693",
            "private_dns_hostname_type_on_launch": "ip-name",
            "tags": {
              "Name": "PublicSubnet1"
            },
            "tags_all": {
              "Name": "PublicSubnet1"
            },
            "timeouts": null,
            "vpc_id": "vpc-0aaf1d014b1a38fa1"
          },
          "sensitive_attributes": [],
          "private": "eyJlMmJmYjczMC1lY2FhLTExZTYtOGY4OC0zNDM2M2JjN2M0YzAiOnsiY3JlYXRlIjo2MDAwMDAwMDAwMDAsImRlbGV0ZSI6MTIwMDAwMDAwMDAwMH0sInNjaGVtYV92ZXJzaW9uIjoiMSJ9",
          "dependencies": [
            "aws_vpc.vpc1",
            "data.aws_availability_zones.available"
          ]
        },
        {
          "index_key": 1,
          "schema_version": 1,
          "attributes": {
            "arn": "arn:aws:ec2:eu-west-2:043309363693:subnet/subnet-0aecee224222a16c2",
            "assign_ipv6_address_on_creation": false,
            "availability_zone": "eu-west-2b",
            "availability_zone_id": "euw2-az3",
            "cidr_block": "10.0.2.0/24",
            "customer_owned_ipv4_pool": "",
            "enable_dns64": false,
            "enable_lni_at_device_index": 0,
            "enable_resource_name_dns_a_record_on_launch": false,
            "enable_resource_name_dns_aaaa_record_on_launch": false,
            "id": "subnet-0aecee224222a16c2",
            "ipv6_cidr_block": "",
            "ipv6_cidr_block_association_id": "",
            "ipv6_native": false,
            "map_customer_owned_ip_on_launch": false,
            "map_public_ip_on_launch": false,
            "outpost_arn": "",
            "owner_id": "043309363693",
            "private_dns_hostname_type_on_launch": "ip-name",
            "tags": {
              "Name": "PublicSubnet2"
            },
            "tags_all": {
              "Name": "PublicSubnet2"
            },
            "timeouts": null,
            "vpc_id": "vpc-0aaf1d014b1a38fa1"
          },
          "sensitive_attributes": [],
          "private": "eyJlMmJmYjczMC1lY2FhLTExZTYtOGY4OC0zNDM2M2JjN2M0YzAiOnsiY3JlYXRlIjo2MDAwMDAwMDAwMDAsImRlbGV0ZSI6MTIwMDAwMDAwMDAwMH0sInNjaGVtYV92ZXJzaW9uIjoiMSJ9",
          "dependencies": [
            "aws_vpc.vpc1",
            "data.aws_availability_zones.available"
          ]
        }
      ]
    },
    {
      "mode": "managed",
      "type": "aws_vpc",
      "name": "vpc1",
      "provider": "provider[\"registry.terraform.io/hashicorp/aws\"]",
      "instances": [
        {
          "schema_version": 1,
          "attributes": {
            "arn": "arn:aws:ec2:eu-west-2:043309363693:vpc/vpc-0aaf1d014b1a38fa1",
            "assign_generated_ipv6_cidr_block": false,
            "cidr_block": "10.0.0.0/16",
            "default_network_acl_id": "acl-0f340454fe72b7797",
            "default_route_table_id": "rtb-050fb2a9151762cd9",
            "default_security_group_id": "sg-01b222b77c24b5d31",
            "dhcp_options_id": "dopt-0eaebde1a742d8ae9",
            "enable_dns_hostnames": true,
            "enable_dns_support": true,
            "enable_network_address_usage_metrics": false,
            "id": "vpc-0aaf1d014b1a38fa1",
            "instance_tenancy": "default",
            "ipv4_ipam_pool_id": null,
            "ipv4_netmask_length": null,
            "ipv6_association_id": "",
            "ipv6_cidr_block": "",
            "ipv6_cidr_block_network_border_group": "",
            "ipv6_ipam_pool_id": "",
            "ipv6_netmask_length": 0,
            "main_route_table_id": "rtb-050fb2a9151762cd9",
            "owner_id": "043309363693",
            "tags": {
              "Name": "vpc1"
            },
            "tags_all": {
              "Name": "vpc1"
            }
          },
          "sensitive_attributes": [],
          "private": "eyJzY2hlbWFfdmVyc2lvbiI6IjEifQ=="
        }
      ]
    },
    {
      "module": "module.vpc",
      "mode": "data",
      "type": "aws_iam_policy_document",
      "name": "flow_log_cloudwatch_assume_role",
      "provider": "provider[\"registry.terraform.io/hashicorp/aws\"]",
      "instances": []
    },
    {
      "module": "module.vpc",
      "mode": "managed",
      "type": "aws_cloudwatch_log_group",
      "name": "flow_log",
      "provider": "provider[\"registry.terraform.io/hashicorp/aws\"]",
      "instances": []
    },
    {
      "module": "module.vpc",
      "mode": "managed",
      "type": "aws_customer_gateway",
      "name": "this",
      "provider": "provider[\"registry.terraform.io/hashicorp/aws\"]",
      "instances": []
    },
    {
      "module": "module.vpc",
      "mode": "managed",
      "type": "aws_db_subnet_group",
      "name": "database",
      "provider": "provider[\"registry.terraform.io/hashicorp/aws\"]",
      "instances": []
    },
    {
      "module": "module.vpc",
      "mode": "managed",
      "type": "aws_default_vpc",
      "name": "this",
      "provider": "provider[\"registry.terraform.io/hashicorp/aws\"]",
      "instances": []
    },
    {
      "module": "module.vpc",
      "mode": "managed",
      "type": "aws_egress_only_internet_gateway",
      "name": "this",
      "provider": "provider[\"registry.terraform.io/hashicorp/aws\"]",
      "instances": []
    },
    {
      "module": "module.vpc",
      "mode": "managed",
      "type": "aws_eip",
      "name": "nat",
      "provider": "provider[\"registry.terraform.io/hashicorp/aws\"]",
      "instances": []
    },
    {
      "module": "module.vpc",
      "mode": "managed",
      "type": "aws_elasticache_subnet_group",
      "name": "elasticache",
      "provider": "provider[\"registry.terraform.io/hashicorp/aws\"]",
      "instances": []
    },
    {
      "module": "module.vpc",
      "mode": "managed",
      "type": "aws_flow_log",
      "name": "this",
      "provider": "provider[\"registry.terraform.io/hashicorp/aws\"]",
      "instances": []
    },
    {
      "module": "module.vpc",
      "mode": "managed",
      "type": "aws_iam_role",
      "name": "vpc_flow_log_cloudwatch",
      "provider": "provider[\"registry.terraform.io/hashicorp/aws\"]",
      "instances": []
    },
    {
      "module": "module.vpc",
      "mode": "managed",
      "type": "aws_internet_gateway",
      "name": "this",
      "provider": "provider[\"registry.terraform.io/hashicorp/aws\"]",
      "instances": [
        {
          "index_key": 0,
          "schema_version": 0,
          "attributes": {
            "arn": "arn:aws:ec2:eu-west-2:043309363693:internet-gateway/igw-0c0a577ce898a5b1a",
            "id": "igw-0c0a577ce898a5b1a",
            "owner_id": "043309363693",
            "tags": {
              "Name": "My VPC"
            },
            "tags_all": {
              "Name": "My VPC"
            },
            "timeouts": null,
            "vpc_id": "vpc-0abe365d2bbaec33e"
          },
          "sensitive_attributes": [],
          "private": "eyJlMmJmYjczMC1lY2FhLTExZTYtOGY4OC0zNDM2M2JjN2M0YzAiOnsiY3JlYXRlIjoxMjAwMDAwMDAwMDAwLCJkZWxldGUiOjEyMDAwMDAwMDAwMDAsInVwZGF0ZSI6MTIwMDAwMDAwMDAwMH19",
          "dependencies": [
            "module.vpc.aws_vpc.this",
            "module.vpc.aws_vpc_ipv4_cidr_block_association.this"
          ]
        }
      ]
    },
    {
      "module": "module.vpc",
      "mode": "managed",
      "type": "aws_nat_gateway",
      "name": "this",
      "provider": "provider[\"registry.terraform.io/hashicorp/aws\"]",
      "instances": []
    },
    {
      "module": "module.vpc",
      "mode": "managed",
      "type": "aws_network_acl",
      "name": "database",
      "provider": "provider[\"registry.terraform.io/hashicorp/aws\"]",
      "instances": []
    },
    {
      "module": "module.vpc",
      "mode": "managed",
      "type": "aws_network_acl",
      "name": "elasticache",
      "provider": "provider[\"registry.terraform.io/hashicorp/aws\"]",
      "instances": []
    },
    {
      "module": "module.vpc",
      "mode": "managed",
      "type": "aws_network_acl",
      "name": "intra",
      "provider": "provider[\"registry.terraform.io/hashicorp/aws\"]",
      "instances": []
    },
    {
      "module": "module.vpc",
      "mode": "managed",
      "type": "aws_network_acl",
      "name": "outpost",
      "provider": "provider[\"registry.terraform.io/hashicorp/aws\"]",
      "instances": []
    },
    {
      "module": "module.vpc",
      "mode": "managed",
      "type": "aws_network_acl",
      "name": "private",
      "provider": "provider[\"registry.terraform.io/hashicorp/aws\"]",
      "instances": []
    },
    {
      "module": "module.vpc",
      "mode": "managed",
      "type": "aws_network_acl",
      "name": "public",
      "provider": "provider[\"registry.terraform.io/hashicorp/aws\"]",
      "instances": []
    },
    {
      "module": "module.vpc",
      "mode": "managed",
      "type": "aws_network_acl",
      "name": "redshift",
      "provider": "provider[\"registry.terraform.io/hashicorp/aws\"]",
      "instances": []
    },
    {
      "module": "module.vpc",
      "mode": "managed",
      "type": "aws_redshift_subnet_group",
      "name": "redshift",
      "provider": "provider[\"registry.terraform.io/hashicorp/aws\"]",
      "instances": []
    },
    {
      "module": "module.vpc",
      "mode": "managed",
      "type": "aws_route",
      "name": "database_internet_gateway",
      "provider": "provider[\"registry.terraform.io/hashicorp/aws\"]",
      "instances": []
    },
    {
      "module": "module.vpc",
      "mode": "managed",
      "type": "aws_route",
      "name": "database_ipv6_egress",
      "provider": "provider[\"registry.terraform.io/hashicorp/aws\"]",
      "instances": []
    },
    {
      "module": "module.vpc",
      "mode": "managed",
      "type": "aws_route",
      "name": "database_nat_gateway",
      "provider": "provider[\"registry.terraform.io/hashicorp/aws\"]",
      "instances": []
    },
    {
      "module": "module.vpc",
      "mode": "managed",
      "type": "aws_route",
      "name": "private_ipv6_egress",
      "provider": "provider[\"registry.terraform.io/hashicorp/aws\"]",
      "instances": []
    },
    {
      "module": "module.vpc",
      "mode": "managed",
      "type": "aws_route",
      "name": "private_nat_gateway",
      "provider": "provider[\"registry.terraform.io/hashicorp/aws\"]",
      "instances": []
    },
    {
      "module": "module.vpc",
      "mode": "managed",
      "type": "aws_route",
      "name": "public_internet_gateway",
      "provider": "provider[\"registry.terraform.io/hashicorp/aws\"]",
      "instances": [
        {
          "index_key": 0,
          "schema_version": 0,
          "attributes": {
            "carrier_gateway_id": "",
            "core_network_arn": "",
            "destination_cidr_block": "0.0.0.0/0",
            "destination_ipv6_cidr_block": "",
            "destination_prefix_list_id": "",
            "egress_only_gateway_id": "",
            "gateway_id": "igw-0c0a577ce898a5b1a",
            "id": "r-rtb-052e661a9a1e32f481080289494",
            "instance_id": "",
            "instance_owner_id": "",
            "local_gateway_id": "",
            "nat_gateway_id": "",
            "network_interface_id": "",
            "origin": "CreateRoute",
            "route_table_id": "rtb-052e661a9a1e32f48",
            "state": "active",
            "timeouts": {
              "create": "5m",
              "delete": null,
              "update": null
            },
            "transit_gateway_id": "",
            "vpc_endpoint_id": "",
            "vpc_peering_connection_id": ""
          },
          "sensitive_attributes": [],
          "private": "eyJlMmJmYjczMC1lY2FhLTExZTYtOGY4OC0zNDM2M2JjN2M0YzAiOnsiY3JlYXRlIjozMDAwMDAwMDAwMDAsImRlbGV0ZSI6MzAwMDAwMDAwMDAwLCJ1cGRhdGUiOjEyMDAwMDAwMDAwMH19",
          "dependencies": [
            "module.vpc.aws_internet_gateway.this",
            "module.vpc.aws_route_table.public",
            "module.vpc.aws_vpc.this",
            "module.vpc.aws_vpc_ipv4_cidr_block_association.this"
          ]
        }
      ]
    },
    {
      "module": "module.vpc",
      "mode": "managed",
      "type": "aws_route",
      "name": "public_internet_gateway_ipv6",
      "provider": "provider[\"registry.terraform.io/hashicorp/aws\"]",
      "instances": []
    },
    {
      "module": "module.vpc",
      "mode": "managed",
      "type": "aws_route_table",
      "name": "database",
      "provider": "provider[\"registry.terraform.io/hashicorp/aws\"]",
      "instances": []
    },
    {
      "module": "module.vpc",
      "mode": "managed",
      "type": "aws_route_table",
      "name": "elasticache",
      "provider": "provider[\"registry.terraform.io/hashicorp/aws\"]",
      "instances": []
    },
    {
      "module": "module.vpc",
      "mode": "managed",
      "type": "aws_route_table",
      "name": "intra",
      "provider": "provider[\"registry.terraform.io/hashicorp/aws\"]",
      "instances": []
    },
    {
      "module": "module.vpc",
      "mode": "managed",
      "type": "aws_route_table",
      "name": "private",
      "provider": "provider[\"registry.terraform.io/hashicorp/aws\"]",
      "instances": [
        {
          "index_key": 0,
          "schema_version": 0,
          "attributes": {
            "arn": "arn:aws:ec2:eu-west-2:043309363693:route-table/rtb-041965098b03c0e5c",
            "id": "rtb-041965098b03c0e5c",
            "owner_id": "043309363693",
            "propagating_vgws": [],
            "route": [],
            "tags": {
              "Name": "My VPC"
            },
            "tags_all": {
              "Name": "My VPC"
            },
            "timeouts": null,
            "vpc_id": "vpc-0abe365d2bbaec33e"
          },
          "sensitive_attributes": [],
          "private": "eyJlMmJmYjczMC1lY2FhLTExZTYtOGY4OC0zNDM2M2JjN2M0YzAiOnsiY3JlYXRlIjozMDAwMDAwMDAwMDAsImRlbGV0ZSI6MzAwMDAwMDAwMDAwLCJ1cGRhdGUiOjEyMDAwMDAwMDAwMH19",
          "dependencies": [
            "module.vpc.aws_vpc.this",
            "module.vpc.aws_vpc_ipv4_cidr_block_association.this"
          ]
        },
        {
          "index_key": 1,
          "schema_version": 0,
          "attributes": {
            "arn": "arn:aws:ec2:eu-west-2:043309363693:route-table/rtb-028e54734bc029f1a",
            "id": "rtb-028e54734bc029f1a",
            "owner_id": "043309363693",
            "propagating_vgws": [],
            "route": [],
            "tags": {
              "Name": "My VPC"
            },
            "tags_all": {
              "Name": "My VPC"
            },
            "timeouts": null,
            "vpc_id": "vpc-0abe365d2bbaec33e"
          },
          "sensitive_attributes": [],
          "private": "eyJlMmJmYjczMC1lY2FhLTExZTYtOGY4OC0zNDM2M2JjN2M0YzAiOnsiY3JlYXRlIjozMDAwMDAwMDAwMDAsImRlbGV0ZSI6MzAwMDAwMDAwMDAwLCJ1cGRhdGUiOjEyMDAwMDAwMDAwMH19",
          "dependencies": [
            "module.vpc.aws_vpc.this",
            "module.vpc.aws_vpc_ipv4_cidr_block_association.this"
          ]
        }
      ]
    },
    {
      "module": "module.vpc",
      "mode": "managed",
      "type": "aws_route_table",
      "name": "public",
      "provider": "provider[\"registry.terraform.io/hashicorp/aws\"]",
      "instances": [
        {
          "index_key": 0,
          "schema_version": 0,
          "attributes": {
            "arn": "arn:aws:ec2:eu-west-2:043309363693:route-table/rtb-052e661a9a1e32f48",
            "id": "rtb-052e661a9a1e32f48",
            "owner_id": "043309363693",
            "propagating_vgws": [],
            "route": [],
            "tags": {
              "Name": "My VPC"
            },
            "tags_all": {
              "Name": "My VPC"
            },
            "timeouts": null,
            "vpc_id": "vpc-0abe365d2bbaec33e"
          },
          "sensitive_attributes": [],
          "private": "eyJlMmJmYjczMC1lY2FhLTExZTYtOGY4OC0zNDM2M2JjN2M0YzAiOnsiY3JlYXRlIjozMDAwMDAwMDAwMDAsImRlbGV0ZSI6MzAwMDAwMDAwMDAwLCJ1cGRhdGUiOjEyMDAwMDAwMDAwMH19",
          "dependencies": [
            "module.vpc.aws_vpc.this",
            "module.vpc.aws_vpc_ipv4_cidr_block_association.this"
          ]
        }
      ]
    },
    {
      "module": "module.vpc",
      "mode": "managed",
      "type": "aws_route_table",
      "name": "redshift",
      "provider": "provider[\"registry.terraform.io/hashicorp/aws\"]",
      "instances": []
    },
    {
      "module": "module.vpc",
      "mode": "managed",
      "type": "aws_route_table_association",
      "name": "database",
      "provider": "provider[\"registry.terraform.io/hashicorp/aws\"]",
      "instances": []
    },
    {
      "module": "module.vpc",
      "mode": "managed",
      "type": "aws_route_table_association",
      "name": "elasticache",
      "provider": "provider[\"registry.terraform.io/hashicorp/aws\"]",
      "instances": []
    },
    {
      "module": "module.vpc",
      "mode": "managed",
      "type": "aws_route_table_association",
      "name": "intra",
      "provider": "provider[\"registry.terraform.io/hashicorp/aws\"]",
      "instances": []
    },
    {
      "module": "module.vpc",
      "mode": "managed",
      "type": "aws_route_table_association",
      "name": "private",
      "provider": "provider[\"registry.terraform.io/hashicorp/aws\"]",
      "instances": [
        {
          "index_key": 0,
          "schema_version": 0,
          "attributes": {
            "gateway_id": "",
            "id": "rtbassoc-09d8cabd3a807c154",
            "route_table_id": "rtb-041965098b03c0e5c",
            "subnet_id": "subnet-0bd47f49413aca9c7",
            "timeouts": null
          },
          "sensitive_attributes": [],
          "private": "eyJlMmJmYjczMC1lY2FhLTExZTYtOGY4OC0zNDM2M2JjN2M0YzAiOnsiY3JlYXRlIjozMDAwMDAwMDAwMDAsImRlbGV0ZSI6MzAwMDAwMDAwMDAwLCJ1cGRhdGUiOjEyMDAwMDAwMDAwMH19",
          "dependencies": [
            "module.vpc.aws_route_table.private",
            "module.vpc.aws_subnet.private",
            "module.vpc.aws_vpc.this",
            "module.vpc.aws_vpc_ipv4_cidr_block_association.this"
          ]
        },
        {
          "index_key": 1,
          "schema_version": 0,
          "attributes": {
            "gateway_id": "",
            "id": "rtbassoc-0cddd1fe635291435",
            "route_table_id": "rtb-028e54734bc029f1a",
            "subnet_id": "subnet-0a69e6505055d7c7d",
            "timeouts": null
          },
          "sensitive_attributes": [],
          "private": "eyJlMmJmYjczMC1lY2FhLTExZTYtOGY4OC0zNDM2M2JjN2M0YzAiOnsiY3JlYXRlIjozMDAwMDAwMDAwMDAsImRlbGV0ZSI6MzAwMDAwMDAwMDAwLCJ1cGRhdGUiOjEyMDAwMDAwMDAwMH19",
          "dependencies": [
            "module.vpc.aws_route_table.private",
            "module.vpc.aws_subnet.private",
            "module.vpc.aws_vpc.this",
            "module.vpc.aws_vpc_ipv4_cidr_block_association.this"
          ]
        }
      ]
    },
    {
      "module": "module.vpc",
      "mode": "managed",
      "type": "aws_route_table_association",
      "name": "public",
      "provider": "provider[\"registry.terraform.io/hashicorp/aws\"]",
      "instances": [
        {
          "index_key": 0,
          "schema_version": 0,
          "attributes": {
            "gateway_id": "",
            "id": "rtbassoc-02946d7df34dfd8ea",
            "route_table_id": "rtb-052e661a9a1e32f48",
            "subnet_id": "subnet-049959c8d524c4fac",
            "timeouts": null
          },
          "sensitive_attributes": [],
          "private": "eyJlMmJmYjczMC1lY2FhLTExZTYtOGY4OC0zNDM2M2JjN2M0YzAiOnsiY3JlYXRlIjozMDAwMDAwMDAwMDAsImRlbGV0ZSI6MzAwMDAwMDAwMDAwLCJ1cGRhdGUiOjEyMDAwMDAwMDAwMH19",
          "dependencies": [
            "module.vpc.aws_route_table.public",
            "module.vpc.aws_subnet.public",
            "module.vpc.aws_vpc.this",
            "module.vpc.aws_vpc_ipv4_cidr_block_association.this"
          ]
        },
        {
          "index_key": 1,
          "schema_version": 0,
          "attributes": {
            "gateway_id": "",
            "id": "rtbassoc-0b79985662bfefe55",
            "route_table_id": "rtb-052e661a9a1e32f48",
            "subnet_id": "subnet-0a65f8cdedb7a3191",
            "timeouts": null
          },
          "sensitive_attributes": [],
          "private": "eyJlMmJmYjczMC1lY2FhLTExZTYtOGY4OC0zNDM2M2JjN2M0YzAiOnsiY3JlYXRlIjozMDAwMDAwMDAwMDAsImRlbGV0ZSI6MzAwMDAwMDAwMDAwLCJ1cGRhdGUiOjEyMDAwMDAwMDAwMH19",
          "dependencies": [
            "module.vpc.aws_route_table.public",
            "module.vpc.aws_subnet.public",
            "module.vpc.aws_vpc.this",
            "module.vpc.aws_vpc_ipv4_cidr_block_association.this"
          ]
        }
      ]
    },
    {
      "module": "module.vpc",
      "mode": "managed",
      "type": "aws_route_table_association",
      "name": "redshift",
      "provider": "provider[\"registry.terraform.io/hashicorp/aws\"]",
      "instances": []
    },
    {
      "module": "module.vpc",
      "mode": "managed",
      "type": "aws_route_table_association",
      "name": "redshift_public",
      "provider": "provider[\"registry.terraform.io/hashicorp/aws\"]",
      "instances": []
    },
    {
      "module": "module.vpc",
      "mode": "managed",
      "type": "aws_subnet",
      "name": "database",
      "provider": "provider[\"registry.terraform.io/hashicorp/aws\"]",
      "instances": []
    },
    {
      "module": "module.vpc",
      "mode": "managed",
      "type": "aws_subnet",
      "name": "elasticache",
      "provider": "provider[\"registry.terraform.io/hashicorp/aws\"]",
      "instances": []
    },
    {
      "module": "module.vpc",
      "mode": "managed",
      "type": "aws_subnet",
      "name": "intra",
      "provider": "provider[\"registry.terraform.io/hashicorp/aws\"]",
      "instances": []
    },
    {
      "module": "module.vpc",
      "mode": "managed",
      "type": "aws_subnet",
      "name": "outpost",
      "provider": "provider[\"registry.terraform.io/hashicorp/aws\"]",
      "instances": []
    },
    {
      "module": "module.vpc",
      "mode": "managed",
      "type": "aws_subnet",
      "name": "private",
      "provider": "provider[\"registry.terraform.io/hashicorp/aws\"]",
      "instances": [
        {
          "index_key": 0,
          "schema_version": 1,
          "attributes": {
            "arn": "arn:aws:ec2:eu-west-2:043309363693:subnet/subnet-0bd47f49413aca9c7",
            "assign_ipv6_address_on_creation": false,
            "availability_zone": "eu-west-2a",
            "availability_zone_id": "euw2-az2",
            "cidr_block": "10.0.1.0/24",
            "customer_owned_ipv4_pool": "",
            "enable_dns64": false,
            "enable_lni_at_device_index": 0,
            "enable_resource_name_dns_a_record_on_launch": false,
            "enable_resource_name_dns_aaaa_record_on_launch": false,
            "id": "subnet-0bd47f49413aca9c7",
            "ipv6_cidr_block": "",
            "ipv6_cidr_block_association_id": "",
            "ipv6_native": false,
            "map_customer_owned_ip_on_launch": false,
            "map_public_ip_on_launch": false,
            "outpost_arn": "",
            "owner_id": "043309363693",
            "private_dns_hostname_type_on_launch": "ip-name",
            "tags": {
              "Name": "My VPC"
            },
            "tags_all": {
              "Name": "My VPC"
            },
            "timeouts": null,
            "vpc_id": "vpc-0abe365d2bbaec33e"
          },
          "sensitive_attributes": [],
          "private": "eyJlMmJmYjczMC1lY2FhLTExZTYtOGY4OC0zNDM2M2JjN2M0YzAiOnsiY3JlYXRlIjo2MDAwMDAwMDAwMDAsImRlbGV0ZSI6MTIwMDAwMDAwMDAwMH0sInNjaGVtYV92ZXJzaW9uIjoiMSJ9",
          "dependencies": [
            "module.vpc.aws_vpc.this",
            "module.vpc.aws_vpc_ipv4_cidr_block_association.this"
          ]
        },
        {
          "index_key": 1,
          "schema_version": 1,
          "attributes": {
            "arn": "arn:aws:ec2:eu-west-2:043309363693:subnet/subnet-0a69e6505055d7c7d",
            "assign_ipv6_address_on_creation": false,
            "availability_zone": "eu-west-2b",
            "availability_zone_id": "euw2-az3",
            "cidr_block": "10.0.2.0/24",
            "customer_owned_ipv4_pool": "",
            "enable_dns64": false,
            "enable_lni_at_device_index": 0,
            "enable_resource_name_dns_a_record_on_launch": false,
            "enable_resource_name_dns_aaaa_record_on_launch": false,
            "id": "subnet-0a69e6505055d7c7d",
            "ipv6_cidr_block": "",
            "ipv6_cidr_block_association_id": "",
            "ipv6_native": false,
            "map_customer_owned_ip_on_launch": false,
            "map_public_ip_on_launch": false,
            "outpost_arn": "",
            "owner_id": "043309363693",
            "private_dns_hostname_type_on_launch": "ip-name",
            "tags": {
              "Name": "My VPC"
            },
            "tags_all": {
              "Name": "My VPC"
            },
            "timeouts": null,
            "vpc_id": "vpc-0abe365d2bbaec33e"
          },
          "sensitive_attributes": [],
          "private": "eyJlMmJmYjczMC1lY2FhLTExZTYtOGY4OC0zNDM2M2JjN2M0YzAiOnsiY3JlYXRlIjo2MDAwMDAwMDAwMDAsImRlbGV0ZSI6MTIwMDAwMDAwMDAwMH0sInNjaGVtYV92ZXJzaW9uIjoiMSJ9",
          "dependencies": [
            "module.vpc.aws_vpc.this",
            "module.vpc.aws_vpc_ipv4_cidr_block_association.this"
          ]
        }
      ]
    },
    {
      "module": "module.vpc",
      "mode": "managed",
      "type": "aws_subnet",
      "name": "public",
      "provider": "provider[\"registry.terraform.io/hashicorp/aws\"]",
      "instances": [
        {
          "index_key": 0,
          "schema_version": 1,
          "attributes": {
            "arn": "arn:aws:ec2:eu-west-2:043309363693:subnet/subnet-049959c8d524c4fac",
            "assign_ipv6_address_on_creation": false,
            "availability_zone": "eu-west-2a",
            "availability_zone_id": "euw2-az2",
            "cidr_block": "10.0.3.0/24",
            "customer_owned_ipv4_pool": "",
            "enable_dns64": false,
            "enable_lni_at_device_index": 0,
            "enable_resource_name_dns_a_record_on_launch": false,
            "enable_resource_name_dns_aaaa_record_on_launch": false,
            "id": "subnet-049959c8d524c4fac",
            "ipv6_cidr_block": "",
            "ipv6_cidr_block_association_id": "",
            "ipv6_native": false,
            "map_customer_owned_ip_on_launch": false,
            "map_public_ip_on_launch": true,
            "outpost_arn": "",
            "owner_id": "043309363693",
            "private_dns_hostname_type_on_launch": "ip-name",
            "tags": {
              "Name": "My VPC"
            },
            "tags_all": {
              "Name": "My VPC"
            },
            "timeouts": null,
            "vpc_id": "vpc-0abe365d2bbaec33e"
          },
          "sensitive_attributes": [],
          "private": "eyJlMmJmYjczMC1lY2FhLTExZTYtOGY4OC0zNDM2M2JjN2M0YzAiOnsiY3JlYXRlIjo2MDAwMDAwMDAwMDAsImRlbGV0ZSI6MTIwMDAwMDAwMDAwMH0sInNjaGVtYV92ZXJzaW9uIjoiMSJ9",
          "dependencies": [
            "module.vpc.aws_vpc.this",
            "module.vpc.aws_vpc_ipv4_cidr_block_association.this"
          ]
        },
        {
          "index_key": 1,
          "schema_version": 1,
          "attributes": {
            "arn": "arn:aws:ec2:eu-west-2:043309363693:subnet/subnet-0a65f8cdedb7a3191",
            "assign_ipv6_address_on_creation": false,
            "availability_zone": "eu-west-2b",
            "availability_zone_id": "euw2-az3",
            "cidr_block": "10.0.4.0/24",
            "customer_owned_ipv4_pool": "",
            "enable_dns64": false,
            "enable_lni_at_device_index": 0,
            "enable_resource_name_dns_a_record_on_launch": false,
            "enable_resource_name_dns_aaaa_record_on_launch": false,
            "id": "subnet-0a65f8cdedb7a3191",
            "ipv6_cidr_block": "",
            "ipv6_cidr_block_association_id": "",
            "ipv6_native": false,
            "map_customer_owned_ip_on_launch": false,
            "map_public_ip_on_launch": true,
            "outpost_arn": "",
            "owner_id": "043309363693",
            "private_dns_hostname_type_on_launch": "ip-name",
            "tags": {
              "Name": "My VPC"
            },
            "tags_all": {
              "Name": "My VPC"
            },
            "timeouts": null,
            "vpc_id": "vpc-0abe365d2bbaec33e"
          },
          "sensitive_attributes": [],
          "private": "eyJlMmJmYjczMC1lY2FhLTExZTYtOGY4OC0zNDM2M2JjN2M0YzAiOnsiY3JlYXRlIjo2MDAwMDAwMDAwMDAsImRlbGV0ZSI6MTIwMDAwMDAwMDAwMH0sInNjaGVtYV92ZXJzaW9uIjoiMSJ9",
          "dependencies": [
            "module.vpc.aws_vpc.this",
            "module.vpc.aws_vpc_ipv4_cidr_block_association.this"
          ]
        }
      ]
    },
    {
      "module": "module.vpc",
      "mode": "managed",
      "type": "aws_subnet",
      "name": "redshift",
      "provider": "provider[\"registry.terraform.io/hashicorp/aws\"]",
      "instances": []
    },
    {
      "module": "module.vpc",
      "mode": "managed",
      "type": "aws_vpc",
      "name": "this",
      "provider": "provider[\"registry.terraform.io/hashicorp/aws\"]",
      "instances": [
        {
          "index_key": 0,
          "schema_version": 1,
          "attributes": {
            "arn": "arn:aws:ec2:eu-west-2:043309363693:vpc/vpc-0abe365d2bbaec33e",
            "assign_generated_ipv6_cidr_block": false,
            "cidr_block": "10.0.0.0/16",
            "default_network_acl_id": "acl-08a9af26c41538d57",
            "default_route_table_id": "rtb-0ae7222f931daa046",
            "default_security_group_id": "sg-0a230b139af1b1dd9",
            "dhcp_options_id": "dopt-0eaebde1a742d8ae9",
            "enable_dns_hostnames": false,
            "enable_dns_support": true,
            "enable_network_address_usage_metrics": false,
            "id": "vpc-0abe365d2bbaec33e",
            "instance_tenancy": "default",
            "ipv4_ipam_pool_id": null,
            "ipv4_netmask_length": null,
            "ipv6_association_id": "",
            "ipv6_cidr_block": "",
            "ipv6_cidr_block_network_border_group": "",
            "ipv6_ipam_pool_id": "",
            "ipv6_netmask_length": 0,
            "main_route_table_id": "rtb-0ae7222f931daa046",
            "owner_id": "043309363693",
            "tags": {
              "Name": "My VPC"
            },
            "tags_all": {
              "Name": "My VPC"
            }
          },
          "sensitive_attributes": [],
          "private": "eyJzY2hlbWFfdmVyc2lvbiI6IjEifQ=="
        }
      ]
    },
    {
      "module": "module.vpc",
      "mode": "managed",
      "type": "aws_vpc_dhcp_options",
      "name": "this",
      "provider": "provider[\"registry.terraform.io/hashicorp/aws\"]",
      "instances": []
    },
    {
      "module": "module.vpc",
      "mode": "managed",
      "type": "aws_vpc_ipv4_cidr_block_association",
      "name": "this",
      "provider": "provider[\"registry.terraform.io/hashicorp/aws\"]",
      "instances": []
    },
    {
      "module": "module.vpc",
      "mode": "managed",
      "type": "aws_vpn_gateway",
      "name": "this",
      "provider": "provider[\"registry.terraform.io/hashicorp/aws\"]",
      "instances": []
    },
    {
      "module": "module.vpc",
      "mode": "managed",
      "type": "aws_vpn_gateway_attachment",
      "name": "this",
      "provider": "provider[\"registry.terraform.io/hashicorp/aws\"]",
      "instances": []
    }
  ],
  "check_results": [
    {
      "object_kind": "var",
      "config_addr": "module.vpc.var.flow_log_file_format",
      "status": "pass",
      "objects": [
        {
          "object_addr": "module.vpc.var.flow_log_file_format",
          "status": "pass"
        }
      ]
    }
  ]
}
