{
  "version": 4,
  "terraform_version": "1.9.7",
  "serial": 15,
  "lineage": "20cb2642-e666-c696-01b6-76ef3654ebf6",
  "outputs": {
    "ecr_repository_url": {
      "value": "043309363693.dkr.ecr.eu-west-2.amazonaws.com/my-ecr-repository",
      "type": "string"
    },
    "eks_cluster_endpoint": {
      "value": {
        "access_config": [
          {
            "authentication_mode": "CONFIG_MAP",
            "bootstrap_cluster_creator_admin_permissions": true
          }
        ],
        "arn": "arn:aws:eks:eu-west-2:043309363693:cluster/Newsletter-cluster",
        "bootstrap_self_managed_addons": true,
        "certificate_authority": [
          {
            "data": "LS0tLS1CRUdJTiBDRVJUSUZJQ0FURS0tLS0tCk1JSURCVENDQWUyZ0F3SUJBZ0lJQkM1U3ZCRGU1dVF3RFFZSktvWklodmNOQVFFTEJRQXdGVEVUTUJFR0ExVUUKQXhNS2EzVmlaWEp1WlhSbGN6QWVGdzB5TkRFd01ETXhPREF3TlRWYUZ3MHpOREV3TURFeE9EQTFOVFZhTUJVeApFekFSQmdOVkJBTVRDbXQxWW1WeWJtVjBaWE13Z2dFaU1BMEdDU3FHU0liM0RRRUJBUVVBQTRJQkR3QXdnZ0VLCkFvSUJBUUN3anBGb25MN0IxNjhrY2xmM2pIZjVGc1FuWXNLL3ovMmZsNE51TnlKMGlJSDltRUlMV3ZvQkNXZ04KTExFaVg3b05mNjdqRTZWeWZwaWlISTFtcTR4U2x0N1BETnBFWUlqMUJoeGcweW15WXVYd2dZbmFFQWlnamsrVQpOSUpoSjI0QytZekZUL3JhUCt3Z2U0cTg1M0N4TkJORVZidjRUV2dmNHQ3ZTVjeThjVXZUZi8xbDBYSnlYbHVmCmU2MFZEWjdCb0tSbSszZ2NLTyt0R3ZnbEl5L0VPZW9KSEZURGNDYWw3VDJWUE1zNzVJOFlmakJzVnVnTjhFL2oKVk5pZUorWlg0dFhTSFBFZGllZlB6b2lrZGJIbnMxQUJqb1NoLzk1UjQreE0yQThpeVBrVU5ZRHlzbm1XbmhzNQpFMUxCT09qeldENGpicnZiNE9mbFNQa1p3dXRsQWdNQkFBR2pXVEJYTUE0R0ExVWREd0VCL3dRRUF3SUNwREFQCkJnTlZIUk1CQWY4RUJUQURBUUgvTUIwR0ExVWREZ1FXQkJTWFdLdXVDQ1ZKRkJxeW13YW03SVJZcmJvc0ZqQVYKQmdOVkhSRUVEakFNZ2dwcmRXSmxjbTVsZEdWek1BMEdDU3FHU0liM0RRRUJDd1VBQTRJQkFRQ1BmWkorSVlvZApnTDlEQnMyWk8rNnVsWk9iWVpMYVJwMThhM2Q0QkZBU0VqRTVQVXJwb2g2RnRGQWRmNERLekd0SklNYitqenpvClRrQ0hJNTdBUndTcTF6cWZwbEI1U3pRYVBsOXJpWmcwb3htb3JkSGJ0UnRWSEptUFdUenhJS3BCTEtRbjhrYVkKMWJvei95cU5EaHNmVnByK3EwUG5IbElZaUQwQTdCNlRIb3dnOC9JSlZlTjJKWlBkMWFRbGdhK2dPdFdQbWhDQgpSV3NWZE13a1h2NVJQTXhFd3dFMXhGK0x4WVNwZEtEMHFJVFMvZUxxbU5sWWJ0T0FrZzl0L3RRaFN1UmtCZVRCCkdRVlFVV2pZZjc1MjdYOVk1alArcG5VL2F2VHB4Qk9sR3BRdjc0dXVsNjBnT3NOaWM1M1FxQ3hOM21mUHpJSloKTXFSZTg4YzluS0ZCCi0tLS0tRU5EIENFUlRJRklDQVRFLS0tLS0K"
          }
        ],
        "cluster_id": null,
        "created_at": "2024-10-03T18:01:29Z",
        "enabled_cluster_log_types": [],
        "encryption_config": [],
        "endpoint": "https://708CD4046856E119DD7FB91A6213FE9B.gr7.eu-west-2.eks.amazonaws.com",
        "id": "Newsletter-cluster",
        "identity": [
          {
            "oidc": [
              {
                "issuer": "https://oidc.eks.eu-west-2.amazonaws.com/id/708CD4046856E119DD7FB91A6213FE9B"
              }
            ]
          }
        ],
        "kubernetes_network_config": [
          {
            "ip_family": "ipv4",
            "service_ipv4_cidr": "172.20.0.0/16",
            "service_ipv6_cidr": ""
          }
        ],
        "name": "Newsletter-cluster",
        "outpost_config": [],
        "platform_version": "eks.11",
        "role_arn": "arn:aws:iam::043309363693:role/eks-cluster-role",
        "status": "ACTIVE",
        "tags": {},
        "tags_all": {},
        "timeouts": null,
        "upgrade_policy": [
          {
            "support_type": "EXTENDED"
          }
        ],
        "version": "1.30",
        "vpc_config": [
          {
            "cluster_security_group_id": "sg-0b4c7130f92ea5d97",
            "endpoint_private_access": false,
            "endpoint_public_access": true,
            "public_access_cidrs": [
              "0.0.0.0/0"
            ],
            "security_group_ids": [],
            "subnet_ids": [
              "subnet-0a454f92e07006d4a",
              "subnet-0aecee224222a16c2",
              "subnet-0d26bcac02b8d9b42"
            ],
            "vpc_id": "vpc-0aaf1d014b1a38fa1"
          }
        ]
      },
      "type": [
        "object",
        {
          "access_config": [
            "list",
            [
              "object",
              {
                "authentication_mode": "string",
                "bootstrap_cluster_creator_admin_permissions": "bool"
              }
            ]
          ],
          "arn": "string",
          "bootstrap_self_managed_addons": "bool",
          "certificate_authority": [
            "list",
            [
              "object",
              {
                "data": "string"
              }
            ]
          ],
          "cluster_id": "string",
          "created_at": "string",
          "enabled_cluster_log_types": [
            "set",
            "string"
          ],
          "encryption_config": [
            "list",
            [
              "object",
              {
                "provider": [
                  "list",
                  [
                    "object",
                    {
                      "key_arn": "string"
                    }
                  ]
                ],
                "resources": [
                  "set",
                  "string"
                ]
              }
            ]
          ],
          "endpoint": "string",
          "id": "string",
          "identity": [
            "list",
            [
              "object",
              {
                "oidc": [
                  "list",
                  [
                    "object",
                    {
                      "issuer": "string"
                    }
                  ]
                ]
              }
            ]
          ],
          "kubernetes_network_config": [
            "list",
            [
              "object",
              {
                "ip_family": "string",
                "service_ipv4_cidr": "string",
                "service_ipv6_cidr": "string"
              }
            ]
          ],
          "name": "string",
          "outpost_config": [
            "list",
            [
              "object",
              {
                "control_plane_instance_type": "string",
                "control_plane_placement": [
                  "list",
                  [
                    "object",
                    {
                      "group_name": "string"
                    }
                  ]
                ],
                "outpost_arns": [
                  "set",
                  "string"
                ]
              }
            ]
          ],
          "platform_version": "string",
          "role_arn": "string",
          "status": "string",
          "tags": [
            "map",
            "string"
          ],
          "tags_all": [
            "map",
            "string"
          ],
          "timeouts": [
            "object",
            {
              "create": "string",
              "delete": "string",
              "update": "string"
            }
          ],
          "upgrade_policy": [
            "list",
            [
              "object",
              {
                "support_type": "string"
              }
            ]
          ],
          "version": "string",
          "vpc_config": [
            "list",
            [
              "object",
              {
                "cluster_security_group_id": "string",
                "endpoint_private_access": "bool",
                "endpoint_public_access": "bool",
                "public_access_cidrs": [
                  "set",
                  "string"
                ],
                "security_group_ids": [
                  "set",
                  "string"
                ],
                "subnet_ids": [
                  "set",
                  "string"
                ],
                "vpc_id": "string"
              }
            ]
          ]
        }
      ]
    },
    "eks_cluster_security_group_ids": {
      "value": {
        "access_config": [
          {
            "authentication_mode": "CONFIG_MAP",
            "bootstrap_cluster_creator_admin_permissions": true
          }
        ],
        "arn": "arn:aws:eks:eu-west-2:043309363693:cluster/Newsletter-cluster",
        "bootstrap_self_managed_addons": true,
        "certificate_authority": [
          {
            "data": "LS0tLS1CRUdJTiBDRVJUSUZJQ0FURS0tLS0tCk1JSURCVENDQWUyZ0F3SUJBZ0lJQkM1U3ZCRGU1dVF3RFFZSktvWklodmNOQVFFTEJRQXdGVEVUTUJFR0ExVUUKQXhNS2EzVmlaWEp1WlhSbGN6QWVGdzB5TkRFd01ETXhPREF3TlRWYUZ3MHpOREV3TURFeE9EQTFOVFZhTUJVeApFekFSQmdOVkJBTVRDbXQxWW1WeWJtVjBaWE13Z2dFaU1BMEdDU3FHU0liM0RRRUJBUVVBQTRJQkR3QXdnZ0VLCkFvSUJBUUN3anBGb25MN0IxNjhrY2xmM2pIZjVGc1FuWXNLL3ovMmZsNE51TnlKMGlJSDltRUlMV3ZvQkNXZ04KTExFaVg3b05mNjdqRTZWeWZwaWlISTFtcTR4U2x0N1BETnBFWUlqMUJoeGcweW15WXVYd2dZbmFFQWlnamsrVQpOSUpoSjI0QytZekZUL3JhUCt3Z2U0cTg1M0N4TkJORVZidjRUV2dmNHQ3ZTVjeThjVXZUZi8xbDBYSnlYbHVmCmU2MFZEWjdCb0tSbSszZ2NLTyt0R3ZnbEl5L0VPZW9KSEZURGNDYWw3VDJWUE1zNzVJOFlmakJzVnVnTjhFL2oKVk5pZUorWlg0dFhTSFBFZGllZlB6b2lrZGJIbnMxQUJqb1NoLzk1UjQreE0yQThpeVBrVU5ZRHlzbm1XbmhzNQpFMUxCT09qeldENGpicnZiNE9mbFNQa1p3dXRsQWdNQkFBR2pXVEJYTUE0R0ExVWREd0VCL3dRRUF3SUNwREFQCkJnTlZIUk1CQWY4RUJUQURBUUgvTUIwR0ExVWREZ1FXQkJTWFdLdXVDQ1ZKRkJxeW13YW03SVJZcmJvc0ZqQVYKQmdOVkhSRUVEakFNZ2dwcmRXSmxjbTVsZEdWek1BMEdDU3FHU0liM0RRRUJDd1VBQTRJQkFRQ1BmWkorSVlvZApnTDlEQnMyWk8rNnVsWk9iWVpMYVJwMThhM2Q0QkZBU0VqRTVQVXJwb2g2RnRGQWRmNERLekd0SklNYitqenpvClRrQ0hJNTdBUndTcTF6cWZwbEI1U3pRYVBsOXJpWmcwb3htb3JkSGJ0UnRWSEptUFdUenhJS3BCTEtRbjhrYVkKMWJvei95cU5EaHNmVnByK3EwUG5IbElZaUQwQTdCNlRIb3dnOC9JSlZlTjJKWlBkMWFRbGdhK2dPdFdQbWhDQgpSV3NWZE13a1h2NVJQTXhFd3dFMXhGK0x4WVNwZEtEMHFJVFMvZUxxbU5sWWJ0T0FrZzl0L3RRaFN1UmtCZVRCCkdRVlFVV2pZZjc1MjdYOVk1alArcG5VL2F2VHB4Qk9sR3BRdjc0dXVsNjBnT3NOaWM1M1FxQ3hOM21mUHpJSloKTXFSZTg4YzluS0ZCCi0tLS0tRU5EIENFUlRJRklDQVRFLS0tLS0K"
          }
        ],
        "cluster_id": null,
        "created_at": "2024-10-03T18:01:29Z",
        "enabled_cluster_log_types": [],
        "encryption_config": [],
        "endpoint": "https://708CD4046856E119DD7FB91A6213FE9B.gr7.eu-west-2.eks.amazonaws.com",
        "id": "Newsletter-cluster",
        "identity": [
          {
            "oidc": [
              {
                "issuer": "https://oidc.eks.eu-west-2.amazonaws.com/id/708CD4046856E119DD7FB91A6213FE9B"
              }
            ]
          }
        ],
        "kubernetes_network_config": [
          {
            "ip_family": "ipv4",
            "service_ipv4_cidr": "172.20.0.0/16",
            "service_ipv6_cidr": ""
          }
        ],
        "name": "Newsletter-cluster",
        "outpost_config": [],
        "platform_version": "eks.11",
        "role_arn": "arn:aws:iam::043309363693:role/eks-cluster-role",
        "status": "ACTIVE",
        "tags": {},
        "tags_all": {},
        "timeouts": null,
        "upgrade_policy": [
          {
            "support_type": "EXTENDED"
          }
        ],
        "version": "1.30",
        "vpc_config": [
          {
            "cluster_security_group_id": "sg-0b4c7130f92ea5d97",
            "endpoint_private_access": false,
            "endpoint_public_access": true,
            "public_access_cidrs": [
              "0.0.0.0/0"
            ],
            "security_group_ids": [],
            "subnet_ids": [
              "subnet-0a454f92e07006d4a",
              "subnet-0aecee224222a16c2",
              "subnet-0d26bcac02b8d9b42"
            ],
            "vpc_id": "vpc-0aaf1d014b1a38fa1"
          }
        ]
      },
      "type": [
        "object",
        {
          "access_config": [
            "list",
            [
              "object",
              {
                "authentication_mode": "string",
                "bootstrap_cluster_creator_admin_permissions": "bool"
              }
            ]
          ],
          "arn": "string",
          "bootstrap_self_managed_addons": "bool",
          "certificate_authority": [
            "list",
            [
              "object",
              {
                "data": "string"
              }
            ]
          ],
          "cluster_id": "string",
          "created_at": "string",
          "enabled_cluster_log_types": [
            "set",
            "string"
          ],
          "encryption_config": [
            "list",
            [
              "object",
              {
                "provider": [
                  "list",
                  [
                    "object",
                    {
                      "key_arn": "string"
                    }
                  ]
                ],
                "resources": [
                  "set",
                  "string"
                ]
              }
            ]
          ],
          "endpoint": "string",
          "id": "string",
          "identity": [
            "list",
            [
              "object",
              {
                "oidc": [
                  "list",
                  [
                    "object",
                    {
                      "issuer": "string"
                    }
                  ]
                ]
              }
            ]
          ],
          "kubernetes_network_config": [
            "list",
            [
              "object",
              {
                "ip_family": "string",
                "service_ipv4_cidr": "string",
                "service_ipv6_cidr": "string"
              }
            ]
          ],
          "name": "string",
          "outpost_config": [
            "list",
            [
              "object",
              {
                "control_plane_instance_type": "string",
                "control_plane_placement": [
                  "list",
                  [
                    "object",
                    {
                      "group_name": "string"
                    }
                  ]
                ],
                "outpost_arns": [
                  "set",
                  "string"
                ]
              }
            ]
          ],
          "platform_version": "string",
          "role_arn": "string",
          "status": "string",
          "tags": [
            "map",
            "string"
          ],
          "tags_all": [
            "map",
            "string"
          ],
          "timeouts": [
            "object",
            {
              "create": "string",
              "delete": "string",
              "update": "string"
            }
          ],
          "upgrade_policy": [
            "list",
            [
              "object",
              {
                "support_type": "string"
              }
            ]
          ],
          "version": "string",
          "vpc_config": [
            "list",
            [
              "object",
              {
                "cluster_security_group_id": "string",
                "endpoint_private_access": "bool",
                "endpoint_public_access": "bool",
                "public_access_cidrs": [
                  "set",
                  "string"
                ],
                "security_group_ids": [
                  "set",
                  "string"
                ],
                "subnet_ids": [
                  "set",
                  "string"
                ],
                "vpc_id": "string"
              }
            ]
          ]
        }
      ]
    },
    "vpc_id": {
      "value": {
        "arn": "arn:aws:ec2:eu-west-2:043309363693:vpc/vpc-0aaf1d014b1a38fa1",
        "assign_generated_ipv6_cidr_block": false,
        "cidr_block": "10.0.0.0/16",
        "default_network_acl_id": "acl-0f340454fe72b7797",
        "default_route_table_id": "rtb-050fb2a9151762cd9",
        "default_security_group_id": "sg-01b222b77c24b5d31",
        "dhcp_options_id": "dopt-0eaebde1a742d8ae9",
        "enable_dns_hostnames": true,
        "enable_dns_support": true,
        "enable_network_address_usage_metrics": false,
        "id": "vpc-0aaf1d014b1a38fa1",
        "instance_tenancy": "default",
        "ipv4_ipam_pool_id": null,
        "ipv4_netmask_length": null,
        "ipv6_association_id": "",
        "ipv6_cidr_block": "",
        "ipv6_cidr_block_network_border_group": "",
        "ipv6_ipam_pool_id": "",
        "ipv6_netmask_length": 0,
        "main_route_table_id": "rtb-050fb2a9151762cd9",
        "owner_id": "043309363693",
        "tags": {
          "Name": "vpc1"
        },
        "tags_all": {
          "Name": "vpc1"
        }
      },
      "type": [
        "object",
        {
          "arn": "string",
          "assign_generated_ipv6_cidr_block": "bool",
          "cidr_block": "string",
          "default_network_acl_id": "string",
          "default_route_table_id": "string",
          "default_security_group_id": "string",
          "dhcp_options_id": "string",
          "enable_dns_hostnames": "bool",
          "enable_dns_support": "bool",
          "enable_network_address_usage_metrics": "bool",
          "id": "string",
          "instance_tenancy": "string",
          "ipv4_ipam_pool_id": "string",
          "ipv4_netmask_length": "number",
          "ipv6_association_id": "string",
          "ipv6_cidr_block": "string",
          "ipv6_cidr_block_network_border_group": "string",
          "ipv6_ipam_pool_id": "string",
          "ipv6_netmask_length": "number",
          "main_route_table_id": "string",
          "owner_id": "string",
          "tags": [
            "map",
            "string"
          ],
          "tags_all": [
            "map",
            "string"
          ]
        }
      ]
    }
  },
  "resources": [
    {
      "mode": "data",
      "type": "aws_availability_zones",
      "name": "available",
      "provider": "provider[\"registry.terraform.io/hashicorp/aws\"]",
      "instances": [
        {
          "schema_version": 0,
          "attributes": {
            "all_availability_zones": null,
            "exclude_names": null,
            "exclude_zone_ids": null,
            "filter": null,
            "group_names": [
              "eu-west-2"
            ],
            "id": "eu-west-2",
            "names": [
              "eu-west-2a",
              "eu-west-2b",
              "eu-west-2c"
            ],
            "state": "available",
            "timeouts": null,
            "zone_ids": [
              "euw2-az2",
              "euw2-az3",
              "euw2-az1"
            ]
          },
          "sensitive_attributes": []
        }
      ]
    },
    {
      "mode": "managed",
      "type": "aws_ecr_repository",
      "name": "my_ecr_repository",
      "provider": "provider[\"registry.terraform.io/hashicorp/aws\"]",
      "instances": [
        {
          "schema_version": 0,
          "attributes": {
            "arn": "arn:aws:ecr:eu-west-2:043309363693:repository/my-ecr-repository",
            "encryption_configuration": [
              {
                "encryption_type": "AES256",
                "kms_key": ""
              }
            ],
            "force_delete": null,
            "id": "my-ecr-repository",
            "image_scanning_configuration": [
              {
                "scan_on_push": false
              }
            ],
            "image_tag_mutability": "IMMUTABLE",
            "name": "my-ecr-repository",
            "registry_id": "043309363693",
            "repository_url": "043309363693.dkr.ecr.eu-west-2.amazonaws.com/my-ecr-repository",
            "tags": {},
            "tags_all": {},
            "timeouts": null
          },
          "sensitive_attributes": [],
          "private": "eyJlMmJmYjczMC1lY2FhLTExZTYtOGY4OC0zNDM2M2JjN2M0YzAiOnsiZGVsZXRlIjoxMjAwMDAwMDAwMDAwfX0="
        }
      ]
    },
    {
      "mode": "managed",
      "type": "aws_eks_cluster",
      "name": "n-cluster",
      "provider": "provider[\"registry.terraform.io/hashicorp/aws\"]",
      "instances": [
        {
          "schema_version": 1,
          "attributes": {
            "access_config": [
              {
                "authentication_mode": "CONFIG_MAP",
                "bootstrap_cluster_creator_admin_permissions": true
              }
            ],
            "arn": "arn:aws:eks:eu-west-2:043309363693:cluster/Newsletter-cluster",
            "bootstrap_self_managed_addons": true,
            "certificate_authority": [
              {
                "data": "LS0tLS1CRUdJTiBDRVJUSUZJQ0FURS0tLS0tCk1JSURCVENDQWUyZ0F3SUJBZ0lJQkM1U3ZCRGU1dVF3RFFZSktvWklodmNOQVFFTEJRQXdGVEVUTUJFR0ExVUUKQXhNS2EzVmlaWEp1WlhSbGN6QWVGdzB5TkRFd01ETXhPREF3TlRWYUZ3MHpOREV3TURFeE9EQTFOVFZhTUJVeApFekFSQmdOVkJBTVRDbXQxWW1WeWJtVjBaWE13Z2dFaU1BMEdDU3FHU0liM0RRRUJBUVVBQTRJQkR3QXdnZ0VLCkFvSUJBUUN3anBGb25MN0IxNjhrY2xmM2pIZjVGc1FuWXNLL3ovMmZsNE51TnlKMGlJSDltRUlMV3ZvQkNXZ04KTExFaVg3b05mNjdqRTZWeWZwaWlISTFtcTR4U2x0N1BETnBFWUlqMUJoeGcweW15WXVYd2dZbmFFQWlnamsrVQpOSUpoSjI0QytZekZUL3JhUCt3Z2U0cTg1M0N4TkJORVZidjRUV2dmNHQ3ZTVjeThjVXZUZi8xbDBYSnlYbHVmCmU2MFZEWjdCb0tSbSszZ2NLTyt0R3ZnbEl5L0VPZW9KSEZURGNDYWw3VDJWUE1zNzVJOFlmakJzVnVnTjhFL2oKVk5pZUorWlg0dFhTSFBFZGllZlB6b2lrZGJIbnMxQUJqb1NoLzk1UjQreE0yQThpeVBrVU5ZRHlzbm1XbmhzNQpFMUxCT09qeldENGpicnZiNE9mbFNQa1p3dXRsQWdNQkFBR2pXVEJYTUE0R0ExVWREd0VCL3dRRUF3SUNwREFQCkJnTlZIUk1CQWY4RUJUQURBUUgvTUIwR0ExVWREZ1FXQkJTWFdLdXVDQ1ZKRkJxeW13YW03SVJZcmJvc0ZqQVYKQmdOVkhSRUVEakFNZ2dwcmRXSmxjbTVsZEdWek1BMEdDU3FHU0liM0RRRUJDd1VBQTRJQkFRQ1BmWkorSVlvZApnTDlEQnMyWk8rNnVsWk9iWVpMYVJwMThhM2Q0QkZBU0VqRTVQVXJwb2g2RnRGQWRmNERLekd0SklNYitqenpvClRrQ0hJNTdBUndTcTF6cWZwbEI1U3pRYVBsOXJpWmcwb3htb3JkSGJ0UnRWSEptUFdUenhJS3BCTEtRbjhrYVkKMWJvei95cU5EaHNmVnByK3EwUG5IbElZaUQwQTdCNlRIb3dnOC9JSlZlTjJKWlBkMWFRbGdhK2dPdFdQbWhDQgpSV3NWZE13a1h2NVJQTXhFd3dFMXhGK0x4WVNwZEtEMHFJVFMvZUxxbU5sWWJ0T0FrZzl0L3RRaFN1UmtCZVRCCkdRVlFVV2pZZjc1MjdYOVk1alArcG5VL2F2VHB4Qk9sR3BRdjc0dXVsNjBnT3NOaWM1M1FxQ3hOM21mUHpJSloKTXFSZTg4YzluS0ZCCi0tLS0tRU5EIENFUlRJRklDQVRFLS0tLS0K"
              }
            ],
            "cluster_id": null,
            "created_at": "2024-10-03T18:01:29Z",
            "enabled_cluster_log_types": [],
            "encryption_config": [],
            "endpoint": "https://708CD4046856E119DD7FB91A6213FE9B.gr7.eu-west-2.eks.amazonaws.com",
            "id": "Newsletter-cluster",
            "identity": [
              {
                "oidc": [
                  {
                    "issuer": "https://oidc.eks.eu-west-2.amazonaws.com/id/708CD4046856E119DD7FB91A6213FE9B"
                  }
                ]
              }
            ],
            "kubernetes_network_config": [
              {
                "ip_family": "ipv4",
                "service_ipv4_cidr": "172.20.0.0/16",
                "service_ipv6_cidr": ""
              }
            ],
            "name": "Newsletter-cluster",
            "outpost_config": [],
            "platform_version": "eks.11",
            "role_arn": "arn:aws:iam::043309363693:role/eks-cluster-role",
            "status": "ACTIVE",
            "tags": {},
            "tags_all": {},
            "timeouts": null,
            "upgrade_policy": [
              {
                "support_type": "EXTENDED"
              }
            ],
            "version": "1.30",
            "vpc_config": [
              {
                "cluster_security_group_id": "sg-0b4c7130f92ea5d97",
                "endpoint_private_access": false,
                "endpoint_public_access": true,
                "public_access_cidrs": [
                  "0.0.0.0/0"
                ],
                "security_group_ids": [],
                "subnet_ids": [
                  "subnet-0a454f92e07006d4a",
                  "subnet-0aecee224222a16c2",
                  "subnet-0d26bcac02b8d9b42"
                ],
                "vpc_id": "vpc-0aaf1d014b1a38fa1"
              }
            ]
          },
          "sensitive_attributes": [],
          "private": "eyJlMmJmYjczMC1lY2FhLTExZTYtOGY4OC0zNDM2M2JjN2M0YzAiOnsiY3JlYXRlIjoxODAwMDAwMDAwMDAwLCJkZWxldGUiOjkwMDAwMDAwMDAwMCwidXBkYXRlIjozNjAwMDAwMDAwMDAwfSwic2NoZW1hX3ZlcnNpb24iOiIxIn0=",
          "dependencies": [
            "aws_iam_role.eks_cluster",
            "aws_subnet.public_subnets",
            "aws_vpc.vpc1",
            "data.aws_availability_zones.available"
          ]
        }
      ]
    },
    {
      "mode": "managed",
      "type": "aws_iam_role",
      "name": "NodeGroupRole",
      "provider": "provider[\"registry.terraform.io/hashicorp/aws\"]",
      "instances": [
        {
          "schema_version": 0,
          "attributes": {
            "arn": "arn:aws:iam::043309363693:role/EKSNodeGroupRole",
            "assume_role_policy": "{\"Statement\":[{\"Action\":\"sts:AssumeRole\",\"Effect\":\"Allow\",\"Principal\":{\"Service\":\"ec2.amazonaws.com\"}}],\"Version\":\"2012-10-17\"}",
            "create_date": "2024-10-03T19:06:10Z",
            "description": "",
            "force_detach_policies": false,
            "id": "EKSNodeGroupRole",
            "inline_policy": [],
            "managed_policy_arns": [],
            "max_session_duration": 3600,
            "name": "EKSNodeGroupRole",
            "name_prefix": "",
            "path": "/",
            "permissions_boundary": "",
            "tags": {},
            "tags_all": {},
            "unique_id": "AROAQUFLQOHWQM222NWRH"
          },
          "sensitive_attributes": [],
          "private": "bnVsbA=="
        }
      ]
    },
    {
      "mode": "managed",
      "type": "aws_iam_role",
      "name": "eks_cluster",
      "provider": "provider[\"registry.terraform.io/hashicorp/aws\"]",
      "instances": [
        {
          "schema_version": 0,
          "attributes": {
            "arn": "arn:aws:iam::043309363693:role/eks-cluster-role",
            "assume_role_policy": "{\"Statement\":[{\"Action\":\"sts:AssumeRole\",\"Effect\":\"Allow\",\"Principal\":{\"Service\":\"eks.amazonaws.com\"}}],\"Version\":\"2012-10-17\"}",
            "create_date": "2024-10-03T18:01:15Z",
            "description": "",
            "force_detach_policies": false,
            "id": "eks-cluster-role",
            "inline_policy": [],
            "managed_policy_arns": [],
            "max_session_duration": 3600,
            "name": "eks-cluster-role",
            "name_prefix": "",
            "path": "/",
            "permissions_boundary": "",
            "tags": {},
            "tags_all": {},
            "unique_id": "AROAQUFLQOHW4U4NP5JMF"
          },
          "sensitive_attributes": [],
          "private": "bnVsbA=="
        }
      ]
    },
    {
      "mode": "managed",
      "type": "aws_iam_user",
      "name": "admin-user",
      "provider": "provider[\"registry.terraform.io/hashicorp/aws\"]",
      "instances": [
        {
          "schema_version": 0,
          "attributes": {
            "arn": "arn:aws:iam::043309363693:user/mango1",
            "force_destroy": false,
            "id": "mango1",
            "name": "mango1",
            "path": "/",
            "permissions_boundary": "",
            "tags": {},
            "tags_all": {},
            "unique_id": "AIDAQUFLQOHW7OYJCTSZP"
          },
          "sensitive_attributes": [],
          "private": "bnVsbA=="
        }
      ]
    },
    {
      "mode": "managed",
      "type": "aws_iam_user_policy_attachment",
      "name": "eks_cluster_policy",
      "provider": "provider[\"registry.terraform.io/hashicorp/aws\"]",
      "instances": [
        {
          "schema_version": 0,
          "attributes": {
            "id": "mango1-20241003180115889600000001",
            "policy_arn": "arn:aws:iam::aws:policy/AmazonEKSClusterPolicy",
            "user": "mango1"
          },
          "sensitive_attributes": [],
          "private": "bnVsbA==",
          "dependencies": [
            "aws_iam_user.admin-user"
          ]
        }
      ]
    },
    {
      "mode": "managed",
      "type": "aws_subnet",
      "name": "public_subnets",
      "provider": "provider[\"registry.terraform.io/hashicorp/aws\"]",
      "instances": [
        {
          "index_key": 0,
          "schema_version": 1,
          "attributes": {
            "arn": "arn:aws:ec2:eu-west-2:043309363693:subnet/subnet-0d26bcac02b8d9b42",
            "assign_ipv6_address_on_creation": false,
            "availability_zone": "eu-west-2a",
            "availability_zone_id": "euw2-az2",
            "cidr_block": "10.0.1.0/24",
            "customer_owned_ipv4_pool": "",
            "enable_dns64": false,
            "enable_lni_at_device_index": 0,
            "enable_resource_name_dns_a_record_on_launch": false,
            "enable_resource_name_dns_aaaa_record_on_launch": false,
            "id": "subnet-0d26bcac02b8d9b42",
            "ipv6_cidr_block": "",
            "ipv6_cidr_block_association_id": "",
            "ipv6_native": false,
            "map_customer_owned_ip_on_launch": false,
            "map_public_ip_on_launch": false,
            "outpost_arn": "",
            "owner_id": "043309363693",
            "private_dns_hostname_type_on_launch": "ip-name",
            "tags": {
              "Name": "PublicSubnet1"
            },
            "tags_all": {
              "Name": "PublicSubnet1"
            },
            "timeouts": null,
            "vpc_id": "vpc-0aaf1d014b1a38fa1"
          },
          "sensitive_attributes": [],
          "private": "eyJlMmJmYjczMC1lY2FhLTExZTYtOGY4OC0zNDM2M2JjN2M0YzAiOnsiY3JlYXRlIjo2MDAwMDAwMDAwMDAsImRlbGV0ZSI6MTIwMDAwMDAwMDAwMH0sInNjaGVtYV92ZXJzaW9uIjoiMSJ9",
          "dependencies": [
            "aws_vpc.vpc1",
            "data.aws_availability_zones.available"
          ]
        },
        {
          "index_key": 1,
          "schema_version": 1,
          "attributes": {
            "arn": "arn:aws:ec2:eu-west-2:043309363693:subnet/subnet-0aecee224222a16c2",
            "assign_ipv6_address_on_creation": false,
            "availability_zone": "eu-west-2b",
            "availability_zone_id": "euw2-az3",
            "cidr_block": "10.0.2.0/24",
            "customer_owned_ipv4_pool": "",
            "enable_dns64": false,
            "enable_lni_at_device_index": 0,
            "enable_resource_name_dns_a_record_on_launch": false,
            "enable_resource_name_dns_aaaa_record_on_launch": false,
            "id": "subnet-0aecee224222a16c2",
            "ipv6_cidr_block": "",
            "ipv6_cidr_block_association_id": "",
            "ipv6_native": false,
            "map_customer_owned_ip_on_launch": false,
            "map_public_ip_on_launch": false,
            "outpost_arn": "",
            "owner_id": "043309363693",
            "private_dns_hostname_type_on_launch": "ip-name",
            "tags": {
              "Name": "PublicSubnet2"
            },
            "tags_all": {
              "Name": "PublicSubnet2"
            },
            "timeouts": null,
            "vpc_id": "vpc-0aaf1d014b1a38fa1"
          },
          "sensitive_attributes": [],
          "private": "eyJlMmJmYjczMC1lY2FhLTExZTYtOGY4OC0zNDM2M2JjN2M0YzAiOnsiY3JlYXRlIjo2MDAwMDAwMDAwMDAsImRlbGV0ZSI6MTIwMDAwMDAwMDAwMH0sInNjaGVtYV92ZXJzaW9uIjoiMSJ9",
          "dependencies": [
            "aws_vpc.vpc1",
            "data.aws_availability_zones.available"
          ]
        },
        {
          "index_key": 2,
          "schema_version": 1,
          "attributes": {
            "arn": "arn:aws:ec2:eu-west-2:043309363693:subnet/subnet-0a454f92e07006d4a",
            "assign_ipv6_address_on_creation": false,
            "availability_zone": "eu-west-2c",
            "availability_zone_id": "euw2-az1",
            "cidr_block": "10.0.3.0/24",
            "customer_owned_ipv4_pool": "",
            "enable_dns64": false,
            "enable_lni_at_device_index": 0,
            "enable_resource_name_dns_a_record_on_launch": false,
            "enable_resource_name_dns_aaaa_record_on_launch": false,
            "id": "subnet-0a454f92e07006d4a",
            "ipv6_cidr_block": "",
            "ipv6_cidr_block_association_id": "",
            "ipv6_native": false,
            "map_customer_owned_ip_on_launch": false,
            "map_public_ip_on_launch": false,
            "outpost_arn": "",
            "owner_id": "043309363693",
            "private_dns_hostname_type_on_launch": "ip-name",
            "tags": {
              "Name": "PublicSubnet3"
            },
            "tags_all": {
              "Name": "PublicSubnet3"
            },
            "timeouts": null,
            "vpc_id": "vpc-0aaf1d014b1a38fa1"
          },
          "sensitive_attributes": [],
          "private": "eyJlMmJmYjczMC1lY2FhLTExZTYtOGY4OC0zNDM2M2JjN2M0YzAiOnsiY3JlYXRlIjo2MDAwMDAwMDAwMDAsImRlbGV0ZSI6MTIwMDAwMDAwMDAwMH0sInNjaGVtYV92ZXJzaW9uIjoiMSJ9",
          "dependencies": [
            "aws_vpc.vpc1",
            "data.aws_availability_zones.available"
          ]
        }
      ]
    },
    {
      "mode": "managed",
      "type": "aws_vpc",
      "name": "vpc1",
      "provider": "provider[\"registry.terraform.io/hashicorp/aws\"]",
      "instances": [
        {
          "schema_version": 1,
          "attributes": {
            "arn": "arn:aws:ec2:eu-west-2:043309363693:vpc/vpc-0aaf1d014b1a38fa1",
            "assign_generated_ipv6_cidr_block": false,
            "cidr_block": "10.0.0.0/16",
            "default_network_acl_id": "acl-0f340454fe72b7797",
            "default_route_table_id": "rtb-050fb2a9151762cd9",
            "default_security_group_id": "sg-01b222b77c24b5d31",
            "dhcp_options_id": "dopt-0eaebde1a742d8ae9",
            "enable_dns_hostnames": true,
            "enable_dns_support": true,
            "enable_network_address_usage_metrics": false,
            "id": "vpc-0aaf1d014b1a38fa1",
            "instance_tenancy": "default",
            "ipv4_ipam_pool_id": null,
            "ipv4_netmask_length": null,
            "ipv6_association_id": "",
            "ipv6_cidr_block": "",
            "ipv6_cidr_block_network_border_group": "",
            "ipv6_ipam_pool_id": "",
            "ipv6_netmask_length": 0,
            "main_route_table_id": "rtb-050fb2a9151762cd9",
            "owner_id": "043309363693",
            "tags": {
              "Name": "vpc1"
            },
            "tags_all": {
              "Name": "vpc1"
            }
          },
          "sensitive_attributes": [],
          "private": "eyJzY2hlbWFfdmVyc2lvbiI6IjEifQ=="
        }
      ]
    }
  ],
  "check_results": null
}
